<?xml version="1.0" encoding="UTF-8" standalone="yes" ?>
<CodeBlocks_project_file>
   <FileVersion major="1" minor="6" />
   <Project>
      <Option title="MBsysC_struct" />
      <Option makefile_is_custom="1" />
      <Option compiler="gcc" />
      <Option virtualFolders="CMake Files\;CMake Files\..\;CMake Files\..\mbsysCopy\;CMake Files\..\mbsysCopy\mbs_common\;CMake Files\..\mbsysCopy\mbs_common\mbs_numerics\;CMake Files\..\mbsysCopy\mbs_common\mbs_struct\;CMake Files\..\mbsysCopy\mbs_common\mbs_utilities\;CMake Files\..\mbsysCopy\mbs_common\mbs_load_xml\;CMake Files\..\mbsysCopy\mbs_common\mbs_realtime\;CMake Files\..\mbsysCopy\mbs_common\mbs_realtime\sdl\;CMake Files\..\mbsysCopy\mbs_common\mbs_realtime\sdl\conf\;CMake Files\..\mbsysCopy\mbs_common\mbs_realtime\java\;CMake Files\..\mbsysCopy\mbs_common\mbs_realtime\java\conf\;CMake Files\..\mbsysCopy\mbs_common\mbs_module\;CMake Files\..\mbsysCopy\cmake_aux\;CMake Files\..\mbsysCopy\cmake_aux\listing\;CMake Files\..\mbsysCopy\cmake_aux\flags\;CMake Files\..\mbsysCopy\cmake_aux\libraries\;CMake Files\..\mbsysCopy\cmake_aux\make_opt\;CMake Files\..\mbsysCopy\conf\;CMake Files\..\symbolicR\;CMake Files\..\userfctR\;" />
      <Build>
      <Target title="all">
         <Option working_dir="/home/louis/Documents/Robotics/MobileRobotsProject/workR/mbs_common/mbs_struct" />
         <Option type="4" />
         <MakeCommands>
            <Build command="/usr/bin/make -f &quot;/home/louis/Documents/Robotics/MobileRobotsProject/workR/mbs_common/mbs_struct/Makefile&quot;  VERBOSE=1 all" />
            <CompileFile command="/usr/bin/make -f &quot;/home/louis/Documents/Robotics/MobileRobotsProject/workR/mbs_common/mbs_struct/Makefile&quot;  VERBOSE=1 &quot;$file&quot;" />
            <Clean command="/usr/bin/make -f &quot;/home/louis/Documents/Robotics/MobileRobotsProject/workR/mbs_common/mbs_struct/Makefile&quot;  VERBOSE=1 clean" />
            <DistClean command="/usr/bin/make -f &quot;/home/louis/Documents/Robotics/MobileRobotsProject/workR/mbs_common/mbs_struct/Makefile&quot;  VERBOSE=1 clean" />
         </MakeCommands>
      </Target>
      <Target title="MBsysC_struct">
         <Option output="/home/louis/Documents/Robotics/MobileRobotsProject/workR/mbs_common/mbs_struct/libMBsysC_struct.a" prefix_auto="0" extension_auto="0" />
         <Option working_dir="/home/louis/Documents/Robotics/MobileRobotsProject/workR/mbs_common/mbs_struct" />
         <Option object_output="./" />
         <Option type="2" />
         <Option compiler="gcc" />
         <Compiler>
            <Add option="-DUNIX" />
            <Add option="-DDIRDYNARED" />
            <Add option="-DREAL_TIME" />
            <Add option="-DSDL" />
            <Add option="-DJAVA" />
            <Add option="-DMBSYSC_UTILITIES_STATIC_DEFINE" />
            <Add directory="/home/louis/Documents/Robotics/MobileRobotsProject/mbsysCopy/mbs_common/mbs_struct/." />
            <Add directory="/home/louis/Documents/Robotics/MobileRobotsProject/mbsysCopy/mbs_common/mbs_struct/../mbs_numerics" />
            <Add directory="/home/louis/Documents/Robotics/MobileRobotsProject/mbsysCopy/mbs_common/mbs_struct/../mbs_utilities" />
         </Compiler>
         <MakeCommands>
            <Build command="/usr/bin/make -f &quot;/home/louis/Documents/Robotics/MobileRobotsProject/workR/mbs_common/mbs_struct/Makefile&quot;  VERBOSE=1 MBsysC_struct" />
            <CompileFile command="/usr/bin/make -f &quot;/home/louis/Documents/Robotics/MobileRobotsProject/workR/mbs_common/mbs_struct/Makefile&quot;  VERBOSE=1 &quot;$file&quot;" />
            <Clean command="/usr/bin/make -f &quot;/home/louis/Documents/Robotics/MobileRobotsProject/workR/mbs_common/mbs_struct/Makefile&quot;  VERBOSE=1 clean" />
            <DistClean command="/usr/bin/make -f &quot;/home/louis/Documents/Robotics/MobileRobotsProject/workR/mbs_common/mbs_struct/Makefile&quot;  VERBOSE=1 clean" />
         </MakeCommands>
      </Target>
      <Target title="MBsysC_struct/fast">
         <Option output="/home/louis/Documents/Robotics/MobileRobotsProject/workR/mbs_common/mbs_struct/libMBsysC_struct.a" prefix_auto="0" extension_auto="0" />
         <Option working_dir="/home/louis/Documents/Robotics/MobileRobotsProject/workR/mbs_common/mbs_struct" />
         <Option object_output="./" />
         <Option type="2" />
         <Option compiler="gcc" />
         <Compiler>
            <Add option="-DUNIX" />
            <Add option="-DDIRDYNARED" />
            <Add option="-DREAL_TIME" />
            <Add option="-DSDL" />
            <Add option="-DJAVA" />
            <Add option="-DMBSYSC_UTILITIES_STATIC_DEFINE" />
            <Add directory="/home/louis/Documents/Robotics/MobileRobotsProject/mbsysCopy/mbs_common/mbs_struct/." />
            <Add directory="/home/louis/Documents/Robotics/MobileRobotsProject/mbsysCopy/mbs_common/mbs_struct/../mbs_numerics" />
            <Add directory="/home/louis/Documents/Robotics/MobileRobotsProject/mbsysCopy/mbs_common/mbs_struct/../mbs_utilities" />
         </Compiler>
         <MakeCommands>
            <Build command="/usr/bin/make -f &quot;/home/louis/Documents/Robotics/MobileRobotsProject/workR/mbs_common/mbs_struct/Makefile&quot;  VERBOSE=1 MBsysC_struct/fast" />
            <CompileFile command="/usr/bin/make -f &quot;/home/louis/Documents/Robotics/MobileRobotsProject/workR/mbs_common/mbs_struct/Makefile&quot;  VERBOSE=1 &quot;$file&quot;" />
            <Clean command="/usr/bin/make -f &quot;/home/louis/Documents/Robotics/MobileRobotsProject/workR/mbs_common/mbs_struct/Makefile&quot;  VERBOSE=1 clean" />
            <DistClean command="/usr/bin/make -f &quot;/home/louis/Documents/Robotics/MobileRobotsProject/workR/mbs_common/mbs_struct/Makefile&quot;  VERBOSE=1 clean" />
         </MakeCommands>
      </Target>
      </Build>
      <Unit filename="/home/louis/Documents/Robotics/MobileRobotsProject/mbsysCopy/mbs_common/mbs_struct/mbs_aux.c">
         <Option target="MBsysC_struct"/>
      </Unit>
      <Unit filename="/home/louis/Documents/Robotics/MobileRobotsProject/mbsysCopy/mbs_common/mbs_struct/mbs_aux.h">
         <Option target="MBsysC_struct"/>
      </Unit>
      <Unit filename="/home/louis/Documents/Robotics/MobileRobotsProject/mbsysCopy/mbs_common/mbs_struct/mbs_data.c">
         <Option target="MBsysC_struct"/>
      </Unit>
      <Unit filename="/home/louis/Documents/Robotics/MobileRobotsProject/mbsysCopy/mbs_common/mbs_struct/mbs_data.h">
         <Option target="MBsysC_struct"/>
      </Unit>
      <Unit filename="/home/louis/Documents/Robotics/MobileRobotsProject/mbsysCopy/mbs_common/mbs_struct/mbs_project_fct_ptr.c">
         <Option target="MBsysC_struct"/>
      </Unit>
      <Unit filename="/home/louis/Documents/Robotics/MobileRobotsProject/mbsysCopy/mbs_common/mbs_struct/mbs_project_fct_ptr.h">
         <Option target="MBsysC_struct"/>
      </Unit>
      <Unit filename="/home/louis/Documents/Robotics/MobileRobotsProject/mbsysCopy/mbs_common/mbs_struct/mbs_sensor.c">
         <Option target="MBsysC_struct"/>
      </Unit>
      <Unit filename="/home/louis/Documents/Robotics/MobileRobotsProject/mbsysCopy/mbs_common/mbs_struct/mbs_sensor.h">
         <Option target="MBsysC_struct"/>
      </Unit>
      <Unit filename="/home/louis/Documents/Robotics/MobileRobotsProject/workR/CMakeLists.txt">
          <Option virtualFolder="CMake Files\" />
      </Unit>
      <Unit filename="/home/louis/Documents/Robotics/MobileRobotsProject/workR/../mbsysCopy/mbs_common/CMakeLists.txt">
          <Option virtualFolder="CMake Files\..\mbsysCopy\mbs_common\" />
      </Unit>
      <Unit filename="/home/louis/Documents/Robotics/MobileRobotsProject/workR/../mbsysCopy/mbs_common/LibRobotranCConfig.cmake.in">
          <Option virtualFolder="CMake Files\..\mbsysCopy\mbs_common\" />
      </Unit>
      <Unit filename="/home/louis/Documents/Robotics/MobileRobotsProject/workR/../mbsysCopy/mbs_common/CMakeLists.txt">
          <Option virtualFolder="CMake Files\..\mbsysCopy\mbs_common\" />
      </Unit>
      <Unit filename="/home/louis/Documents/Robotics/MobileRobotsProject/workR/../mbsysCopy/mbs_common/LibRobotranCConfig.cmake.in">
          <Option virtualFolder="CMake Files\..\mbsysCopy\mbs_common\" />
      </Unit>
      <Unit filename="/home/louis/Documents/Robotics/MobileRobotsProject/workR/../mbsysCopy/mbs_common/mbs_numerics/CMakeLists.txt">
          <Option virtualFolder="CMake Files\..\mbsysCopy\mbs_common\mbs_numerics\" />
      </Unit>
      <Unit filename="/home/louis/Documents/Robotics/MobileRobotsProject/workR/../mbsysCopy/mbs_common/mbs_numerics/CMakeLists.txt">
          <Option virtualFolder="CMake Files\..\mbsysCopy\mbs_common\mbs_numerics\" />
      </Unit>
      <Unit filename="/home/louis/Documents/Robotics/MobileRobotsProject/workR/../mbsysCopy/mbs_common/mbs_numerics/CMakeLists.txt">
          <Option virtualFolder="CMake Files\..\mbsysCopy\mbs_common\mbs_numerics\" />
      </Unit>
      <Unit filename="/home/louis/Documents/Robotics/MobileRobotsProject/workR/../mbsysCopy/mbs_common/mbs_struct/CMakeLists.txt">
          <Option virtualFolder="CMake Files\..\mbsysCopy\mbs_common\mbs_struct\" />
      </Unit>
      <Unit filename="/home/louis/Documents/Robotics/MobileRobotsProject/workR/../mbsysCopy/mbs_common/mbs_struct/CMakeLists.txt">
          <Option virtualFolder="CMake Files\..\mbsysCopy\mbs_common\mbs_struct\" />
      </Unit>
      <Unit filename="/home/louis/Documents/Robotics/MobileRobotsProject/workR/../mbsysCopy/mbs_common/mbs_struct/CMakeLists.txt">
          <Option virtualFolder="CMake Files\..\mbsysCopy\mbs_common\mbs_struct\" />
      </Unit>
      <Unit filename="/home/louis/Documents/Robotics/MobileRobotsProject/workR/../mbsysCopy/mbs_common/mbs_utilities/CMakeLists.txt">
          <Option virtualFolder="CMake Files\..\mbsysCopy\mbs_common\mbs_utilities\" />
      </Unit>
      <Unit filename="/home/louis/Documents/Robotics/MobileRobotsProject/workR/../mbsysCopy/mbs_common/mbs_utilities/CMakeLists.txt">
          <Option virtualFolder="CMake Files\..\mbsysCopy\mbs_common\mbs_utilities\" />
      </Unit>
      <Unit filename="/home/louis/Documents/Robotics/MobileRobotsProject/workR/../mbsysCopy/mbs_common/mbs_utilities/CMakeLists.txt">
          <Option virtualFolder="CMake Files\..\mbsysCopy\mbs_common\mbs_utilities\" />
      </Unit>
      <Unit filename="/home/louis/Documents/Robotics/MobileRobotsProject/workR/../mbsysCopy/mbs_common/mbs_load_xml/CMakeLists.txt">
          <Option virtualFolder="CMake Files\..\mbsysCopy\mbs_common\mbs_load_xml\" />
      </Unit>
      <Unit filename="/home/louis/Documents/Robotics/MobileRobotsProject/workR/../mbsysCopy/mbs_common/mbs_load_xml/CMakeLists.txt">
          <Option virtualFolder="CMake Files\..\mbsysCopy\mbs_common\mbs_load_xml\" />
      </Unit>
      <Unit filename="/home/louis/Documents/Robotics/MobileRobotsProject/workR/../mbsysCopy/mbs_common/mbs_load_xml/CMakeLists.txt">
          <Option virtualFolder="CMake Files\..\mbsysCopy\mbs_common\mbs_load_xml\" />
      </Unit>
      <Unit filename="/home/louis/Documents/Robotics/MobileRobotsProject/workR/../mbsysCopy/mbs_common/mbs_realtime/CMakeLists.txt">
          <Option virtualFolder="CMake Files\..\mbsysCopy\mbs_common\mbs_realtime\" />
      </Unit>
      <Unit filename="/home/louis/Documents/Robotics/MobileRobotsProject/workR/../mbsysCopy/mbs_common/mbs_realtime/CMakeLists.txt">
          <Option virtualFolder="CMake Files\..\mbsysCopy\mbs_common\mbs_realtime\" />
      </Unit>
      <Unit filename="/home/louis/Documents/Robotics/MobileRobotsProject/workR/../mbsysCopy/mbs_common/mbs_realtime/CMakeLists.txt">
          <Option virtualFolder="CMake Files\..\mbsysCopy\mbs_common\mbs_realtime\" />
      </Unit>
      <Unit filename="/home/louis/Documents/Robotics/MobileRobotsProject/workR/../mbsysCopy/mbs_common/mbs_realtime/sdl/conf/cmake_sdl_config.h.in">
          <Option virtualFolder="CMake Files\..\mbsysCopy\mbs_common\mbs_realtime\sdl\conf\" />
      </Unit>
      <Unit filename="/home/louis/Documents/Robotics/MobileRobotsProject/workR/../mbsysCopy/mbs_common/mbs_realtime/sdl/conf/cmake_sdl_config.h.in">
          <Option virtualFolder="CMake Files\..\mbsysCopy\mbs_common\mbs_realtime\sdl\conf\" />
      </Unit>
      <Unit filename="/home/louis/Documents/Robotics/MobileRobotsProject/workR/../mbsysCopy/mbs_common/mbs_realtime/sdl/conf/cmake_sdl_config.h.in">
          <Option virtualFolder="CMake Files\..\mbsysCopy\mbs_common\mbs_realtime\sdl\conf\" />
      </Unit>
      <Unit filename="/home/louis/Documents/Robotics/MobileRobotsProject/workR/../mbsysCopy/mbs_common/mbs_realtime/java/conf/cmake_java_config.h.in">
          <Option virtualFolder="CMake Files\..\mbsysCopy\mbs_common\mbs_realtime\java\conf\" />
      </Unit>
      <Unit filename="/home/louis/Documents/Robotics/MobileRobotsProject/workR/../mbsysCopy/mbs_common/mbs_realtime/java/conf/cmake_java_config.h.in">
          <Option virtualFolder="CMake Files\..\mbsysCopy\mbs_common\mbs_realtime\java\conf\" />
      </Unit>
      <Unit filename="/home/louis/Documents/Robotics/MobileRobotsProject/workR/../mbsysCopy/mbs_common/mbs_realtime/java/conf/cmake_java_config.h.in">
          <Option virtualFolder="CMake Files\..\mbsysCopy\mbs_common\mbs_realtime\java\conf\" />
      </Unit>
      <Unit filename="/home/louis/Documents/Robotics/MobileRobotsProject/workR/../mbsysCopy/mbs_common/mbs_module/CMakeLists.txt">
          <Option virtualFolder="CMake Files\..\mbsysCopy\mbs_common\mbs_module\" />
      </Unit>
      <Unit filename="/home/louis/Documents/Robotics/MobileRobotsProject/workR/../mbsysCopy/mbs_common/mbs_module/CMakeLists.txt">
          <Option virtualFolder="CMake Files\..\mbsysCopy\mbs_common\mbs_module\" />
      </Unit>
      <Unit filename="/home/louis/Documents/Robotics/MobileRobotsProject/workR/../mbsysCopy/mbs_common/mbs_module/CMakeLists.txt">
          <Option virtualFolder="CMake Files\..\mbsysCopy\mbs_common\mbs_module\" />
      </Unit>
      <Unit filename="/home/louis/Documents/Robotics/MobileRobotsProject/workR/../mbsysCopy/cmake_aux/listing/CMakeLists.txt">
          <Option virtualFolder="CMake Files\..\mbsysCopy\cmake_aux\listing\" />
      </Unit>
      <Unit filename="/home/louis/Documents/Robotics/MobileRobotsProject/workR/../mbsysCopy/cmake_aux/listing/CMakeLists.txt">
          <Option virtualFolder="CMake Files\..\mbsysCopy\cmake_aux\listing\" />
      </Unit>
      <Unit filename="/home/louis/Documents/Robotics/MobileRobotsProject/workR/../mbsysCopy/cmake_aux/listing/CMakeLists.txt">
          <Option virtualFolder="CMake Files\..\mbsysCopy\cmake_aux\listing\" />
      </Unit>
      <Unit filename="/home/louis/Documents/Robotics/MobileRobotsProject/workR/../mbsysCopy/cmake_aux/flags/CMakeLists.txt">
          <Option virtualFolder="CMake Files\..\mbsysCopy\cmake_aux\flags\" />
      </Unit>
      <Unit filename="/home/louis/Documents/Robotics/MobileRobotsProject/workR/../mbsysCopy/cmake_aux/flags/CMakeLists.txt">
          <Option virtualFolder="CMake Files\..\mbsysCopy\cmake_aux\flags\" />
      </Unit>
      <Unit filename="/home/louis/Documents/Robotics/MobileRobotsProject/workR/../mbsysCopy/cmake_aux/flags/CMakeLists.txt">
          <Option virtualFolder="CMake Files\..\mbsysCopy\cmake_aux\flags\" />
      </Unit>
      <Unit filename="/home/louis/Documents/Robotics/MobileRobotsProject/workR/../mbsysCopy/cmake_aux/libraries/CMakeLists.txt">
          <Option virtualFolder="CMake Files\..\mbsysCopy\cmake_aux\libraries\" />
      </Unit>
      <Unit filename="/home/louis/Documents/Robotics/MobileRobotsProject/workR/../mbsysCopy/cmake_aux/libraries/CMakeLists.txt">
          <Option virtualFolder="CMake Files\..\mbsysCopy\cmake_aux\libraries\" />
      </Unit>
      <Unit filename="/home/louis/Documents/Robotics/MobileRobotsProject/workR/../mbsysCopy/cmake_aux/libraries/CMakeLists.txt">
          <Option virtualFolder="CMake Files\..\mbsysCopy\cmake_aux\libraries\" />
      </Unit>
      <Unit filename="/home/louis/Documents/Robotics/MobileRobotsProject/workR/../mbsysCopy/cmake_aux/make_opt/CMakeLists.txt">
          <Option virtualFolder="CMake Files\..\mbsysCopy\cmake_aux\make_opt\" />
      </Unit>
      <Unit filename="/home/louis/Documents/Robotics/MobileRobotsProject/workR/../mbsysCopy/conf/FindGSL.cmake">
          <Option virtualFolder="CMake Files\..\mbsysCopy\conf\" />
      </Unit>
      <Unit filename="/home/louis/Documents/Robotics/MobileRobotsProject/workR/../mbsysCopy/conf/FindSDL2.cmake">
          <Option virtualFolder="CMake Files\..\mbsysCopy\conf\" />
      </Unit>
      <Unit filename="/home/louis/Documents/Robotics/MobileRobotsProject/workR/../mbsysCopy/conf/FindSDL2_ttf.cmake">
          <Option virtualFolder="CMake Files\..\mbsysCopy\conf\" />
      </Unit>
      <Unit filename="/home/louis/Documents/Robotics/MobileRobotsProject/workR/../mbsysCopy/conf/FindJNI.cmake">
          <Option virtualFolder="CMake Files\..\mbsysCopy\conf\" />
      </Unit>
      <Unit filename="/home/louis/Documents/Robotics/MobileRobotsProject/workR/../mbsysCopy/conf/FindJ3D.cmake">
          <Option virtualFolder="CMake Files\..\mbsysCopy\conf\" />
      </Unit>
      <Unit filename="/home/louis/Documents/Robotics/MobileRobotsProject/workR/../mbsysCopy/conf/FindGSL.cmake">
          <Option virtualFolder="CMake Files\..\mbsysCopy\conf\" />
      </Unit>
      <Unit filename="/home/louis/Documents/Robotics/MobileRobotsProject/workR/../mbsysCopy/conf/FindGSL.cmake">
          <Option virtualFolder="CMake Files\..\mbsysCopy\conf\" />
      </Unit>
      <Unit filename="/home/louis/Documents/Robotics/MobileRobotsProject/workR/../mbsysCopy/conf/FindGSL.cmake">
          <Option virtualFolder="CMake Files\..\mbsysCopy\conf\" />
      </Unit>
      <Unit filename="/home/louis/Documents/Robotics/MobileRobotsProject/workR/../mbsysCopy/conf/FindSDL2.cmake">
          <Option virtualFolder="CMake Files\..\mbsysCopy\conf\" />
      </Unit>
      <Unit filename="/home/louis/Documents/Robotics/MobileRobotsProject/workR/../mbsysCopy/conf/FindSDL2_ttf.cmake">
          <Option virtualFolder="CMake Files\..\mbsysCopy\conf\" />
      </Unit>
      <Unit filename="/home/louis/Documents/Robotics/MobileRobotsProject/workR/../mbsysCopy/conf/FindJNI.cmake">
          <Option virtualFolder="CMake Files\..\mbsysCopy\conf\" />
      </Unit>
      <Unit filename="/home/louis/Documents/Robotics/MobileRobotsProject/workR/../mbsysCopy/conf/FindJ3D.cmake">
          <Option virtualFolder="CMake Files\..\mbsysCopy\conf\" />
      </Unit>
      <Unit filename="/home/louis/Documents/Robotics/MobileRobotsProject/workR/../mbsysCopy/conf/FindSDL2.cmake">
          <Option virtualFolder="CMake Files\..\mbsysCopy\conf\" />
      </Unit>
      <Unit filename="/home/louis/Documents/Robotics/MobileRobotsProject/workR/../mbsysCopy/conf/cmake_config.h.in">
          <Option virtualFolder="CMake Files\..\mbsysCopy\conf\" />
      </Unit>
      <Unit filename="/home/louis/Documents/Robotics/MobileRobotsProject/workR/../mbsysCopy/conf/FindSDL2.cmake">
          <Option virtualFolder="CMake Files\..\mbsysCopy\conf\" />
      </Unit>
      <Unit filename="/home/louis/Documents/Robotics/MobileRobotsProject/workR/../mbsysCopy/conf/FindGSL.cmake">
          <Option virtualFolder="CMake Files\..\mbsysCopy\conf\" />
      </Unit>
      <Unit filename="/home/louis/Documents/Robotics/MobileRobotsProject/workR/../mbsysCopy/conf/FindSDL2.cmake">
          <Option virtualFolder="CMake Files\..\mbsysCopy\conf\" />
      </Unit>
      <Unit filename="/home/louis/Documents/Robotics/MobileRobotsProject/workR/../mbsysCopy/conf/FindSDL2_ttf.cmake">
          <Option virtualFolder="CMake Files\..\mbsysCopy\conf\" />
      </Unit>
      <Unit filename="/home/louis/Documents/Robotics/MobileRobotsProject/workR/../mbsysCopy/conf/FindJNI.cmake">
          <Option virtualFolder="CMake Files\..\mbsysCopy\conf\" />
      </Unit>
      <Unit filename="/home/louis/Documents/Robotics/MobileRobotsProject/workR/../mbsysCopy/conf/FindJ3D.cmake">
          <Option virtualFolder="CMake Files\..\mbsysCopy\conf\" />
      </Unit>
      <Unit filename="/home/louis/Documents/Robotics/MobileRobotsProject/workR/../mbsysCopy/conf/FindGSL.cmake">
          <Option virtualFolder="CMake Files\..\mbsysCopy\conf\" />
      </Unit>
      <Unit filename="/home/louis/Documents/Robotics/MobileRobotsProject/workR/../mbsysCopy/conf/FindSDL2.cmake">
          <Option virtualFolder="CMake Files\..\mbsysCopy\conf\" />
      </Unit>
      <Unit filename="/home/louis/Documents/Robotics/MobileRobotsProject/workR/../symbolicR/CMakeLists.txt">
          <Option virtualFolder="CMake Files\..\symbolicR\" />
      </Unit>
      <Unit filename="/home/louis/Documents/Robotics/MobileRobotsProject/workR/../symbolicR/CMakeLists.txt">
          <Option virtualFolder="CMake Files\..\symbolicR\" />
      </Unit>
      <Unit filename="/home/louis/Documents/Robotics/MobileRobotsProject/workR/../userfctR/CMakeLists.txt">
          <Option virtualFolder="CMake Files\..\userfctR\" />
      </Unit>
      <Unit filename="/home/louis/Documents/Robotics/MobileRobotsProject/workR/../userfctR/CMakeLists.txt">
          <Option virtualFolder="CMake Files\..\userfctR\" />
      </Unit>
   </Project>
</CodeBlocks_project_file>
