<?xml version="1.0" encoding="UTF-8" standalone="yes" ?>
<CodeBlocks_project_file>
   <FileVersion major="1" minor="6" />
   <Project>
      <Option title="MBsysC" />
      <Option makefile_is_custom="1" />
      <Option compiler="gcc" />
      <Option virtualFolders="CMake Files\;CMake Files\..\;CMake Files\..\mbsysCopy\;CMake Files\..\mbsysCopy\mbs_common\;CMake Files\..\mbsysCopy\mbs_common\mbs_numerics\;CMake Files\..\mbsysCopy\mbs_common\mbs_struct\;CMake Files\..\mbsysCopy\mbs_common\mbs_utilities\;CMake Files\..\mbsysCopy\mbs_common\mbs_load_xml\;CMake Files\..\mbsysCopy\mbs_common\mbs_realtime\;CMake Files\..\mbsysCopy\mbs_common\mbs_realtime\sdl\;CMake Files\..\mbsysCopy\mbs_common\mbs_realtime\sdl\conf\;CMake Files\..\mbsysCopy\mbs_common\mbs_realtime\java\;CMake Files\..\mbsysCopy\mbs_common\mbs_realtime\java\conf\;CMake Files\..\mbsysCopy\mbs_common\mbs_module\;CMake Files\..\mbsysCopy\cmake_aux\;CMake Files\..\mbsysCopy\cmake_aux\listing\;CMake Files\..\mbsysCopy\cmake_aux\flags\;CMake Files\..\mbsysCopy\cmake_aux\libraries\;CMake Files\..\mbsysCopy\cmake_aux\make_opt\;CMake Files\..\mbsysCopy\conf\;CMake Files\..\symbolicR\;CMake Files\..\userfctR\;" />
      <Build>
      <Target title="all">
         <Option working_dir="/home/louis/Documents/Robotics/MobileRobotsProject/workR/mbs_common" />
         <Option type="4" />
         <MakeCommands>
            <Build command="/usr/bin/make -f &quot;/home/louis/Documents/Robotics/MobileRobotsProject/workR/mbs_common/Makefile&quot;  VERBOSE=1 all" />
            <CompileFile command="/usr/bin/make -f &quot;/home/louis/Documents/Robotics/MobileRobotsProject/workR/mbs_common/Makefile&quot;  VERBOSE=1 &quot;$file&quot;" />
            <Clean command="/usr/bin/make -f &quot;/home/louis/Documents/Robotics/MobileRobotsProject/workR/mbs_common/Makefile&quot;  VERBOSE=1 clean" />
            <DistClean command="/usr/bin/make -f &quot;/home/louis/Documents/Robotics/MobileRobotsProject/workR/mbs_common/Makefile&quot;  VERBOSE=1 clean" />
         </MakeCommands>
      </Target>
      <Target title="MBsysC_numerics">
         <Option output="/home/louis/Documents/Robotics/MobileRobotsProject/workR/mbs_common/mbs_numerics/libMBsysC_numerics.a" prefix_auto="0" extension_auto="0" />
         <Option working_dir="/home/louis/Documents/Robotics/MobileRobotsProject/workR/mbs_common/mbs_numerics" />
         <Option object_output="./" />
         <Option type="2" />
         <Option compiler="gcc" />
         <Compiler>
            <Add option="-DUNIX" />
            <Add option="-DDIRDYNARED" />
            <Add option="-DREAL_TIME" />
            <Add option="-DSDL" />
            <Add option="-DJAVA" />
            <Add directory="/home/louis/Documents/Robotics/MobileRobotsProject/mbsysCopy/mbs_common/mbs_numerics/." />
            <Add directory="/home/louis/Documents/Robotics/MobileRobotsProject/mbsysCopy/mbs_common/mbs_numerics/../mbs_module" />
            <Add directory="/home/louis/Documents/Robotics/MobileRobotsProject/mbsysCopy/mbs_common/mbs_numerics/../mbs_struct" />
            <Add directory="/home/louis/Documents/Robotics/MobileRobotsProject/mbsysCopy/mbs_common/mbs_numerics/../mbs_utilities" />
         </Compiler>
         <MakeCommands>
            <Build command="/usr/bin/make -f &quot;/home/louis/Documents/Robotics/MobileRobotsProject/workR/mbs_common/mbs_numerics/Makefile&quot;  VERBOSE=1 MBsysC_numerics" />
            <CompileFile command="/usr/bin/make -f &quot;/home/louis/Documents/Robotics/MobileRobotsProject/workR/mbs_common/mbs_numerics/Makefile&quot;  VERBOSE=1 &quot;$file&quot;" />
            <Clean command="/usr/bin/make -f &quot;/home/louis/Documents/Robotics/MobileRobotsProject/workR/mbs_common/mbs_numerics/Makefile&quot;  VERBOSE=1 clean" />
            <DistClean command="/usr/bin/make -f &quot;/home/louis/Documents/Robotics/MobileRobotsProject/workR/mbs_common/mbs_numerics/Makefile&quot;  VERBOSE=1 clean" />
         </MakeCommands>
      </Target>
      <Target title="MBsysC_numerics/fast">
         <Option output="/home/louis/Documents/Robotics/MobileRobotsProject/workR/mbs_common/mbs_numerics/libMBsysC_numerics.a" prefix_auto="0" extension_auto="0" />
         <Option working_dir="/home/louis/Documents/Robotics/MobileRobotsProject/workR/mbs_common/mbs_numerics" />
         <Option object_output="./" />
         <Option type="2" />
         <Option compiler="gcc" />
         <Compiler>
            <Add option="-DUNIX" />
            <Add option="-DDIRDYNARED" />
            <Add option="-DREAL_TIME" />
            <Add option="-DSDL" />
            <Add option="-DJAVA" />
            <Add directory="/home/louis/Documents/Robotics/MobileRobotsProject/mbsysCopy/mbs_common/mbs_numerics/." />
            <Add directory="/home/louis/Documents/Robotics/MobileRobotsProject/mbsysCopy/mbs_common/mbs_numerics/../mbs_module" />
            <Add directory="/home/louis/Documents/Robotics/MobileRobotsProject/mbsysCopy/mbs_common/mbs_numerics/../mbs_struct" />
            <Add directory="/home/louis/Documents/Robotics/MobileRobotsProject/mbsysCopy/mbs_common/mbs_numerics/../mbs_utilities" />
         </Compiler>
         <MakeCommands>
            <Build command="/usr/bin/make -f &quot;/home/louis/Documents/Robotics/MobileRobotsProject/workR/mbs_common/mbs_numerics/Makefile&quot;  VERBOSE=1 MBsysC_numerics/fast" />
            <CompileFile command="/usr/bin/make -f &quot;/home/louis/Documents/Robotics/MobileRobotsProject/workR/mbs_common/mbs_numerics/Makefile&quot;  VERBOSE=1 &quot;$file&quot;" />
            <Clean command="/usr/bin/make -f &quot;/home/louis/Documents/Robotics/MobileRobotsProject/workR/mbs_common/mbs_numerics/Makefile&quot;  VERBOSE=1 clean" />
            <DistClean command="/usr/bin/make -f &quot;/home/louis/Documents/Robotics/MobileRobotsProject/workR/mbs_common/mbs_numerics/Makefile&quot;  VERBOSE=1 clean" />
         </MakeCommands>
      </Target>
      <Target title="MBsysC_struct">
         <Option output="/home/louis/Documents/Robotics/MobileRobotsProject/workR/mbs_common/mbs_struct/libMBsysC_struct.a" prefix_auto="0" extension_auto="0" />
         <Option working_dir="/home/louis/Documents/Robotics/MobileRobotsProject/workR/mbs_common/mbs_struct" />
         <Option object_output="./" />
         <Option type="2" />
         <Option compiler="gcc" />
         <Compiler>
            <Add option="-DUNIX" />
            <Add option="-DDIRDYNARED" />
            <Add option="-DREAL_TIME" />
            <Add option="-DSDL" />
            <Add option="-DJAVA" />
            <Add option="-DMBSYSC_UTILITIES_STATIC_DEFINE" />
            <Add directory="/home/louis/Documents/Robotics/MobileRobotsProject/mbsysCopy/mbs_common/mbs_struct/." />
            <Add directory="/home/louis/Documents/Robotics/MobileRobotsProject/mbsysCopy/mbs_common/mbs_struct/../mbs_numerics" />
            <Add directory="/home/louis/Documents/Robotics/MobileRobotsProject/mbsysCopy/mbs_common/mbs_struct/../mbs_utilities" />
         </Compiler>
         <MakeCommands>
            <Build command="/usr/bin/make -f &quot;/home/louis/Documents/Robotics/MobileRobotsProject/workR/mbs_common/mbs_struct/Makefile&quot;  VERBOSE=1 MBsysC_struct" />
            <CompileFile command="/usr/bin/make -f &quot;/home/louis/Documents/Robotics/MobileRobotsProject/workR/mbs_common/mbs_struct/Makefile&quot;  VERBOSE=1 &quot;$file&quot;" />
            <Clean command="/usr/bin/make -f &quot;/home/louis/Documents/Robotics/MobileRobotsProject/workR/mbs_common/mbs_struct/Makefile&quot;  VERBOSE=1 clean" />
            <DistClean command="/usr/bin/make -f &quot;/home/louis/Documents/Robotics/MobileRobotsProject/workR/mbs_common/mbs_struct/Makefile&quot;  VERBOSE=1 clean" />
         </MakeCommands>
      </Target>
      <Target title="MBsysC_struct/fast">
         <Option output="/home/louis/Documents/Robotics/MobileRobotsProject/workR/mbs_common/mbs_struct/libMBsysC_struct.a" prefix_auto="0" extension_auto="0" />
         <Option working_dir="/home/louis/Documents/Robotics/MobileRobotsProject/workR/mbs_common/mbs_struct" />
         <Option object_output="./" />
         <Option type="2" />
         <Option compiler="gcc" />
         <Compiler>
            <Add option="-DUNIX" />
            <Add option="-DDIRDYNARED" />
            <Add option="-DREAL_TIME" />
            <Add option="-DSDL" />
            <Add option="-DJAVA" />
            <Add option="-DMBSYSC_UTILITIES_STATIC_DEFINE" />
            <Add directory="/home/louis/Documents/Robotics/MobileRobotsProject/mbsysCopy/mbs_common/mbs_struct/." />
            <Add directory="/home/louis/Documents/Robotics/MobileRobotsProject/mbsysCopy/mbs_common/mbs_struct/../mbs_numerics" />
            <Add directory="/home/louis/Documents/Robotics/MobileRobotsProject/mbsysCopy/mbs_common/mbs_struct/../mbs_utilities" />
         </Compiler>
         <MakeCommands>
            <Build command="/usr/bin/make -f &quot;/home/louis/Documents/Robotics/MobileRobotsProject/workR/mbs_common/mbs_struct/Makefile&quot;  VERBOSE=1 MBsysC_struct/fast" />
            <CompileFile command="/usr/bin/make -f &quot;/home/louis/Documents/Robotics/MobileRobotsProject/workR/mbs_common/mbs_struct/Makefile&quot;  VERBOSE=1 &quot;$file&quot;" />
            <Clean command="/usr/bin/make -f &quot;/home/louis/Documents/Robotics/MobileRobotsProject/workR/mbs_common/mbs_struct/Makefile&quot;  VERBOSE=1 clean" />
            <DistClean command="/usr/bin/make -f &quot;/home/louis/Documents/Robotics/MobileRobotsProject/workR/mbs_common/mbs_struct/Makefile&quot;  VERBOSE=1 clean" />
         </MakeCommands>
      </Target>
      <Target title="MBsysC_utilities">
         <Option output="/home/louis/Documents/Robotics/MobileRobotsProject/workR/mbs_common/mbs_utilities/libMBsysC_utilities.a" prefix_auto="0" extension_auto="0" />
         <Option working_dir="/home/louis/Documents/Robotics/MobileRobotsProject/workR/mbs_common/mbs_utilities" />
         <Option object_output="./" />
         <Option type="2" />
         <Option compiler="gcc" />
         <Compiler>
            <Add option="-DUNIX" />
            <Add option="-DDIRDYNARED" />
            <Add option="-DREAL_TIME" />
            <Add option="-DSDL" />
            <Add option="-DJAVA" />
            <Add option="-DMBSYSC_UTILITIES_STATIC_DEFINE" />
            <Add directory="/home/louis/Documents/Robotics/MobileRobotsProject/mbsysCopy/mbs_common/mbs_utilities/." />
            <Add directory="/home/louis/Documents/Robotics/MobileRobotsProject/mbsysCopy/mbs_common/mbs_utilities/../mbs_struct" />
            <Add directory="/home/louis/Documents/Robotics/MobileRobotsProject/mbsysCopy/mbs_common/mbs_utilities/./auto_output" />
         </Compiler>
         <MakeCommands>
            <Build command="/usr/bin/make -f &quot;/home/louis/Documents/Robotics/MobileRobotsProject/workR/mbs_common/mbs_utilities/Makefile&quot;  VERBOSE=1 MBsysC_utilities" />
            <CompileFile command="/usr/bin/make -f &quot;/home/louis/Documents/Robotics/MobileRobotsProject/workR/mbs_common/mbs_utilities/Makefile&quot;  VERBOSE=1 &quot;$file&quot;" />
            <Clean command="/usr/bin/make -f &quot;/home/louis/Documents/Robotics/MobileRobotsProject/workR/mbs_common/mbs_utilities/Makefile&quot;  VERBOSE=1 clean" />
            <DistClean command="/usr/bin/make -f &quot;/home/louis/Documents/Robotics/MobileRobotsProject/workR/mbs_common/mbs_utilities/Makefile&quot;  VERBOSE=1 clean" />
         </MakeCommands>
      </Target>
      <Target title="MBsysC_utilities/fast">
         <Option output="/home/louis/Documents/Robotics/MobileRobotsProject/workR/mbs_common/mbs_utilities/libMBsysC_utilities.a" prefix_auto="0" extension_auto="0" />
         <Option working_dir="/home/louis/Documents/Robotics/MobileRobotsProject/workR/mbs_common/mbs_utilities" />
         <Option object_output="./" />
         <Option type="2" />
         <Option compiler="gcc" />
         <Compiler>
            <Add option="-DUNIX" />
            <Add option="-DDIRDYNARED" />
            <Add option="-DREAL_TIME" />
            <Add option="-DSDL" />
            <Add option="-DJAVA" />
            <Add option="-DMBSYSC_UTILITIES_STATIC_DEFINE" />
            <Add directory="/home/louis/Documents/Robotics/MobileRobotsProject/mbsysCopy/mbs_common/mbs_utilities/." />
            <Add directory="/home/louis/Documents/Robotics/MobileRobotsProject/mbsysCopy/mbs_common/mbs_utilities/../mbs_struct" />
            <Add directory="/home/louis/Documents/Robotics/MobileRobotsProject/mbsysCopy/mbs_common/mbs_utilities/./auto_output" />
         </Compiler>
         <MakeCommands>
            <Build command="/usr/bin/make -f &quot;/home/louis/Documents/Robotics/MobileRobotsProject/workR/mbs_common/mbs_utilities/Makefile&quot;  VERBOSE=1 MBsysC_utilities/fast" />
            <CompileFile command="/usr/bin/make -f &quot;/home/louis/Documents/Robotics/MobileRobotsProject/workR/mbs_common/mbs_utilities/Makefile&quot;  VERBOSE=1 &quot;$file&quot;" />
            <Clean command="/usr/bin/make -f &quot;/home/louis/Documents/Robotics/MobileRobotsProject/workR/mbs_common/mbs_utilities/Makefile&quot;  VERBOSE=1 clean" />
            <DistClean command="/usr/bin/make -f &quot;/home/louis/Documents/Robotics/MobileRobotsProject/workR/mbs_common/mbs_utilities/Makefile&quot;  VERBOSE=1 clean" />
         </MakeCommands>
      </Target>
      <Target title="MBsysC_loadXML">
         <Option output="/home/louis/Documents/Robotics/MobileRobotsProject/workR/mbs_common/mbs_load_xml/libMBsysC_loadXML.a" prefix_auto="0" extension_auto="0" />
         <Option working_dir="/home/louis/Documents/Robotics/MobileRobotsProject/workR/mbs_common/mbs_load_xml" />
         <Option object_output="./" />
         <Option type="2" />
         <Option compiler="gcc" />
         <Compiler>
            <Add option="-DUNIX" />
            <Add option="-DDIRDYNARED" />
            <Add option="-DREAL_TIME" />
            <Add option="-DSDL" />
            <Add option="-DJAVA" />
            <Add option="-DXML" />
            <Add option="-DPROJECT_USERFCT_STATIC_DEFINE" />
            <Add directory="/home/louis/Documents/Robotics/MobileRobotsProject/mbsysCopy/mbs_common/mbs_load_xml/." />
            <Add directory="/home/louis/Documents/Robotics/MobileRobotsProject/mbsysCopy/mbs_common/mbs_load_xml/../mbs_struct" />
            <Add directory="/home/louis/Documents/Robotics/MobileRobotsProject/mbsysCopy/mbs_common/mbs_load_xml/../mbs_utilities" />
            <Add directory="/usr/include/libxml2" />
         </Compiler>
         <MakeCommands>
            <Build command="/usr/bin/make -f &quot;/home/louis/Documents/Robotics/MobileRobotsProject/workR/mbs_common/mbs_load_xml/Makefile&quot;  VERBOSE=1 MBsysC_loadXML" />
            <CompileFile command="/usr/bin/make -f &quot;/home/louis/Documents/Robotics/MobileRobotsProject/workR/mbs_common/mbs_load_xml/Makefile&quot;  VERBOSE=1 &quot;$file&quot;" />
            <Clean command="/usr/bin/make -f &quot;/home/louis/Documents/Robotics/MobileRobotsProject/workR/mbs_common/mbs_load_xml/Makefile&quot;  VERBOSE=1 clean" />
            <DistClean command="/usr/bin/make -f &quot;/home/louis/Documents/Robotics/MobileRobotsProject/workR/mbs_common/mbs_load_xml/Makefile&quot;  VERBOSE=1 clean" />
         </MakeCommands>
      </Target>
      <Target title="MBsysC_loadXML/fast">
         <Option output="/home/louis/Documents/Robotics/MobileRobotsProject/workR/mbs_common/mbs_load_xml/libMBsysC_loadXML.a" prefix_auto="0" extension_auto="0" />
         <Option working_dir="/home/louis/Documents/Robotics/MobileRobotsProject/workR/mbs_common/mbs_load_xml" />
         <Option object_output="./" />
         <Option type="2" />
         <Option compiler="gcc" />
         <Compiler>
            <Add option="-DUNIX" />
            <Add option="-DDIRDYNARED" />
            <Add option="-DREAL_TIME" />
            <Add option="-DSDL" />
            <Add option="-DJAVA" />
            <Add option="-DXML" />
            <Add option="-DPROJECT_USERFCT_STATIC_DEFINE" />
            <Add directory="/home/louis/Documents/Robotics/MobileRobotsProject/mbsysCopy/mbs_common/mbs_load_xml/." />
            <Add directory="/home/louis/Documents/Robotics/MobileRobotsProject/mbsysCopy/mbs_common/mbs_load_xml/../mbs_struct" />
            <Add directory="/home/louis/Documents/Robotics/MobileRobotsProject/mbsysCopy/mbs_common/mbs_load_xml/../mbs_utilities" />
            <Add directory="/usr/include/libxml2" />
         </Compiler>
         <MakeCommands>
            <Build command="/usr/bin/make -f &quot;/home/louis/Documents/Robotics/MobileRobotsProject/workR/mbs_common/mbs_load_xml/Makefile&quot;  VERBOSE=1 MBsysC_loadXML/fast" />
            <CompileFile command="/usr/bin/make -f &quot;/home/louis/Documents/Robotics/MobileRobotsProject/workR/mbs_common/mbs_load_xml/Makefile&quot;  VERBOSE=1 &quot;$file&quot;" />
            <Clean command="/usr/bin/make -f &quot;/home/louis/Documents/Robotics/MobileRobotsProject/workR/mbs_common/mbs_load_xml/Makefile&quot;  VERBOSE=1 clean" />
            <DistClean command="/usr/bin/make -f &quot;/home/louis/Documents/Robotics/MobileRobotsProject/workR/mbs_common/mbs_load_xml/Makefile&quot;  VERBOSE=1 clean" />
         </MakeCommands>
      </Target>
      <Target title="MBsysC_realtime">
         <Option output="/home/louis/Documents/Robotics/MobileRobotsProject/workR/mbs_common/mbs_realtime/libMBsysC_realtime.a" prefix_auto="0" extension_auto="0" />
         <Option working_dir="/home/louis/Documents/Robotics/MobileRobotsProject/workR/mbs_common/mbs_realtime" />
         <Option object_output="./" />
         <Option type="2" />
         <Option compiler="gcc" />
         <Compiler>
            <Add option="-DUNIX" />
            <Add option="-DDIRDYNARED" />
            <Add option="-DREAL_TIME" />
            <Add option="-DSDL" />
            <Add option="-DJAVA" />
            <Add option="-DPROJECT_USERFCT_STATIC_DEFINE" />
            <Add option="-DPROJECT_UTILITIES_STATIC_DEFINE" />
            <Add directory="/home/louis/Documents/Robotics/MobileRobotsProject/mbsysCopy/mbs_common/mbs_realtime/." />
            <Add directory="/home/louis/Documents/Robotics/MobileRobotsProject/mbsysCopy/mbs_common/mbs_realtime/../mbs_struct" />
            <Add directory="/home/louis/Documents/Robotics/MobileRobotsProject/mbsysCopy/mbs_common/mbs_realtime/../mbs_utilities" />
            <Add directory="/home/louis/Documents/Robotics/MobileRobotsProject/mbsysCopy/mbs_common/mbs_realtime/./java" />
            <Add directory="/home/louis/Documents/Robotics/MobileRobotsProject/mbsysCopy/mbs_common/mbs_realtime/./realtime" />
            <Add directory="/home/louis/Documents/Robotics/MobileRobotsProject/mbsysCopy/mbs_common/mbs_realtime/./sdl" />
            <Add directory="/home/louis/Documents/Robotics/MobileRobotsProject/mbsysCopy/mbs_common/mbs_realtime/./sdl/auto_plot" />
            <Add directory="/home/louis/Documents/Robotics/MobileRobotsProject/workR/mbs_common/mbs_realtime" />
            <Add directory="/home/louis/Documents/Robotics/MobileRobotsProject/workR/mbs_common/mbs_realtime/conf" />
            <Add directory="/usr/include/SDL2" />
            <Add directory="/usr/lib/jvm/java-8-openjdk-amd64/include" />
            <Add directory="/usr/lib/jvm/java-8-openjdk-amd64/include/linux" />
         </Compiler>
         <MakeCommands>
            <Build command="/usr/bin/make -f &quot;/home/louis/Documents/Robotics/MobileRobotsProject/workR/mbs_common/mbs_realtime/Makefile&quot;  VERBOSE=1 MBsysC_realtime" />
            <CompileFile command="/usr/bin/make -f &quot;/home/louis/Documents/Robotics/MobileRobotsProject/workR/mbs_common/mbs_realtime/Makefile&quot;  VERBOSE=1 &quot;$file&quot;" />
            <Clean command="/usr/bin/make -f &quot;/home/louis/Documents/Robotics/MobileRobotsProject/workR/mbs_common/mbs_realtime/Makefile&quot;  VERBOSE=1 clean" />
            <DistClean command="/usr/bin/make -f &quot;/home/louis/Documents/Robotics/MobileRobotsProject/workR/mbs_common/mbs_realtime/Makefile&quot;  VERBOSE=1 clean" />
         </MakeCommands>
      </Target>
      <Target title="MBsysC_realtime/fast">
         <Option output="/home/louis/Documents/Robotics/MobileRobotsProject/workR/mbs_common/mbs_realtime/libMBsysC_realtime.a" prefix_auto="0" extension_auto="0" />
         <Option working_dir="/home/louis/Documents/Robotics/MobileRobotsProject/workR/mbs_common/mbs_realtime" />
         <Option object_output="./" />
         <Option type="2" />
         <Option compiler="gcc" />
         <Compiler>
            <Add option="-DUNIX" />
            <Add option="-DDIRDYNARED" />
            <Add option="-DREAL_TIME" />
            <Add option="-DSDL" />
            <Add option="-DJAVA" />
            <Add option="-DPROJECT_USERFCT_STATIC_DEFINE" />
            <Add option="-DPROJECT_UTILITIES_STATIC_DEFINE" />
            <Add directory="/home/louis/Documents/Robotics/MobileRobotsProject/mbsysCopy/mbs_common/mbs_realtime/." />
            <Add directory="/home/louis/Documents/Robotics/MobileRobotsProject/mbsysCopy/mbs_common/mbs_realtime/../mbs_struct" />
            <Add directory="/home/louis/Documents/Robotics/MobileRobotsProject/mbsysCopy/mbs_common/mbs_realtime/../mbs_utilities" />
            <Add directory="/home/louis/Documents/Robotics/MobileRobotsProject/mbsysCopy/mbs_common/mbs_realtime/./java" />
            <Add directory="/home/louis/Documents/Robotics/MobileRobotsProject/mbsysCopy/mbs_common/mbs_realtime/./realtime" />
            <Add directory="/home/louis/Documents/Robotics/MobileRobotsProject/mbsysCopy/mbs_common/mbs_realtime/./sdl" />
            <Add directory="/home/louis/Documents/Robotics/MobileRobotsProject/mbsysCopy/mbs_common/mbs_realtime/./sdl/auto_plot" />
            <Add directory="/home/louis/Documents/Robotics/MobileRobotsProject/workR/mbs_common/mbs_realtime" />
            <Add directory="/home/louis/Documents/Robotics/MobileRobotsProject/workR/mbs_common/mbs_realtime/conf" />
            <Add directory="/usr/include/SDL2" />
            <Add directory="/usr/lib/jvm/java-8-openjdk-amd64/include" />
            <Add directory="/usr/lib/jvm/java-8-openjdk-amd64/include/linux" />
         </Compiler>
         <MakeCommands>
            <Build command="/usr/bin/make -f &quot;/home/louis/Documents/Robotics/MobileRobotsProject/workR/mbs_common/mbs_realtime/Makefile&quot;  VERBOSE=1 MBsysC_realtime/fast" />
            <CompileFile command="/usr/bin/make -f &quot;/home/louis/Documents/Robotics/MobileRobotsProject/workR/mbs_common/mbs_realtime/Makefile&quot;  VERBOSE=1 &quot;$file&quot;" />
            <Clean command="/usr/bin/make -f &quot;/home/louis/Documents/Robotics/MobileRobotsProject/workR/mbs_common/mbs_realtime/Makefile&quot;  VERBOSE=1 clean" />
            <DistClean command="/usr/bin/make -f &quot;/home/louis/Documents/Robotics/MobileRobotsProject/workR/mbs_common/mbs_realtime/Makefile&quot;  VERBOSE=1 clean" />
         </MakeCommands>
      </Target>
      <Target title="MBsysC_module">
         <Option output="/home/louis/Documents/Robotics/MobileRobotsProject/workR/mbs_common/mbs_module/libMBsysC_module.a" prefix_auto="0" extension_auto="0" />
         <Option working_dir="/home/louis/Documents/Robotics/MobileRobotsProject/workR/mbs_common/mbs_module" />
         <Option object_output="./" />
         <Option type="2" />
         <Option compiler="gcc" />
         <Compiler>
            <Add option="-DUNIX" />
            <Add option="-DDIRDYNARED" />
            <Add option="-DREAL_TIME" />
            <Add option="-DSDL" />
            <Add option="-DJAVA" />
            <Add option="-DXML" />
            <Add option="-DMBSYSC_UTILITIES_STATIC_DEFINE" />
            <Add option="-DPROJECT_USERFCT_STATIC_DEFINE" />
            <Add option="-DPROJECT_SYMBOLIC_STATIC_DEFINE" />
            <Add option="-DMBSYSC_REALTIME_STATIC_DEFINE" />
            <Add directory="/home/louis/Documents/Robotics/MobileRobotsProject/mbsysCopy/mbs_common/mbs_module/." />
            <Add directory="/home/louis/Documents/Robotics/MobileRobotsProject/mbsysCopy/mbs_common/mbs_module/../mbs_load_xml" />
            <Add directory="/home/louis/Documents/Robotics/MobileRobotsProject/mbsysCopy/mbs_common/mbs_module/../mbs_numerics" />
            <Add directory="/home/louis/Documents/Robotics/MobileRobotsProject/mbsysCopy/mbs_common/mbs_module/../mbs_realtime" />
            <Add directory="/home/louis/Documents/Robotics/MobileRobotsProject/mbsysCopy/mbs_common/mbs_module/../mbs_realtime/realtime" />
            <Add directory="/home/louis/Documents/Robotics/MobileRobotsProject/mbsysCopy/mbs_common/mbs_module/../mbs_realtime/sdl" />
            <Add directory="/home/louis/Documents/Robotics/MobileRobotsProject/mbsysCopy/mbs_common/mbs_module/../mbs_struct" />
            <Add directory="/home/louis/Documents/Robotics/MobileRobotsProject/mbsysCopy/mbs_common/mbs_module/../mbs_utilities" />
            <Add directory="/home/louis/Documents/Robotics/MobileRobotsProject/mbsysCopy/mbs_common/mbs_module/../mbs_utilities/auto_output" />
            <Add directory="/usr/include/libxml2" />
         </Compiler>
         <MakeCommands>
            <Build command="/usr/bin/make -f &quot;/home/louis/Documents/Robotics/MobileRobotsProject/workR/mbs_common/mbs_module/Makefile&quot;  VERBOSE=1 MBsysC_module" />
            <CompileFile command="/usr/bin/make -f &quot;/home/louis/Documents/Robotics/MobileRobotsProject/workR/mbs_common/mbs_module/Makefile&quot;  VERBOSE=1 &quot;$file&quot;" />
            <Clean command="/usr/bin/make -f &quot;/home/louis/Documents/Robotics/MobileRobotsProject/workR/mbs_common/mbs_module/Makefile&quot;  VERBOSE=1 clean" />
            <DistClean command="/usr/bin/make -f &quot;/home/louis/Documents/Robotics/MobileRobotsProject/workR/mbs_common/mbs_module/Makefile&quot;  VERBOSE=1 clean" />
         </MakeCommands>
      </Target>
      <Target title="MBsysC_module/fast">
         <Option output="/home/louis/Documents/Robotics/MobileRobotsProject/workR/mbs_common/mbs_module/libMBsysC_module.a" prefix_auto="0" extension_auto="0" />
         <Option working_dir="/home/louis/Documents/Robotics/MobileRobotsProject/workR/mbs_common/mbs_module" />
         <Option object_output="./" />
         <Option type="2" />
         <Option compiler="gcc" />
         <Compiler>
            <Add option="-DUNIX" />
            <Add option="-DDIRDYNARED" />
            <Add option="-DREAL_TIME" />
            <Add option="-DSDL" />
            <Add option="-DJAVA" />
            <Add option="-DXML" />
            <Add option="-DMBSYSC_UTILITIES_STATIC_DEFINE" />
            <Add option="-DPROJECT_USERFCT_STATIC_DEFINE" />
            <Add option="-DPROJECT_SYMBOLIC_STATIC_DEFINE" />
            <Add option="-DMBSYSC_REALTIME_STATIC_DEFINE" />
            <Add directory="/home/louis/Documents/Robotics/MobileRobotsProject/mbsysCopy/mbs_common/mbs_module/." />
            <Add directory="/home/louis/Documents/Robotics/MobileRobotsProject/mbsysCopy/mbs_common/mbs_module/../mbs_load_xml" />
            <Add directory="/home/louis/Documents/Robotics/MobileRobotsProject/mbsysCopy/mbs_common/mbs_module/../mbs_numerics" />
            <Add directory="/home/louis/Documents/Robotics/MobileRobotsProject/mbsysCopy/mbs_common/mbs_module/../mbs_realtime" />
            <Add directory="/home/louis/Documents/Robotics/MobileRobotsProject/mbsysCopy/mbs_common/mbs_module/../mbs_realtime/realtime" />
            <Add directory="/home/louis/Documents/Robotics/MobileRobotsProject/mbsysCopy/mbs_common/mbs_module/../mbs_realtime/sdl" />
            <Add directory="/home/louis/Documents/Robotics/MobileRobotsProject/mbsysCopy/mbs_common/mbs_module/../mbs_struct" />
            <Add directory="/home/louis/Documents/Robotics/MobileRobotsProject/mbsysCopy/mbs_common/mbs_module/../mbs_utilities" />
            <Add directory="/home/louis/Documents/Robotics/MobileRobotsProject/mbsysCopy/mbs_common/mbs_module/../mbs_utilities/auto_output" />
            <Add directory="/usr/include/libxml2" />
         </Compiler>
         <MakeCommands>
            <Build command="/usr/bin/make -f &quot;/home/louis/Documents/Robotics/MobileRobotsProject/workR/mbs_common/mbs_module/Makefile&quot;  VERBOSE=1 MBsysC_module/fast" />
            <CompileFile command="/usr/bin/make -f &quot;/home/louis/Documents/Robotics/MobileRobotsProject/workR/mbs_common/mbs_module/Makefile&quot;  VERBOSE=1 &quot;$file&quot;" />
            <Clean command="/usr/bin/make -f &quot;/home/louis/Documents/Robotics/MobileRobotsProject/workR/mbs_common/mbs_module/Makefile&quot;  VERBOSE=1 clean" />
            <DistClean command="/usr/bin/make -f &quot;/home/louis/Documents/Robotics/MobileRobotsProject/workR/mbs_common/mbs_module/Makefile&quot;  VERBOSE=1 clean" />
         </MakeCommands>
      </Target>
      </Build>
      <Unit filename="/home/louis/Documents/Robotics/MobileRobotsProject/mbsysCopy/mbs_common/mbs_load_xml/mbs_load_xml.c">
         <Option target="MBsysC_loadXML"/>
      </Unit>
      <Unit filename="/home/louis/Documents/Robotics/MobileRobotsProject/mbsysCopy/mbs_common/mbs_load_xml/mbs_load_xml.h">
         <Option target="MBsysC_loadXML"/>
      </Unit>
      <Unit filename="/home/louis/Documents/Robotics/MobileRobotsProject/mbsysCopy/mbs_common/mbs_load_xml/mbs_xml_reader.c">
         <Option target="MBsysC_loadXML"/>
      </Unit>
      <Unit filename="/home/louis/Documents/Robotics/MobileRobotsProject/mbsysCopy/mbs_common/mbs_load_xml/mbs_xml_reader.h">
         <Option target="MBsysC_loadXML"/>
      </Unit>
      <Unit filename="/home/louis/Documents/Robotics/MobileRobotsProject/mbsysCopy/mbs_common/mbs_module/mbs_calc_Fruc.c">
         <Option target="MBsysC_module"/>
      </Unit>
      <Unit filename="/home/louis/Documents/Robotics/MobileRobotsProject/mbsysCopy/mbs_common/mbs_module/mbs_calc_force.c">
         <Option target="MBsysC_module"/>
      </Unit>
      <Unit filename="/home/louis/Documents/Robotics/MobileRobotsProject/mbsysCopy/mbs_common/mbs_module/mbs_close_loops.c">
         <Option target="MBsysC_module"/>
      </Unit>
      <Unit filename="/home/louis/Documents/Robotics/MobileRobotsProject/mbsysCopy/mbs_common/mbs_module/mbs_dirdyn.c">
         <Option target="MBsysC_module"/>
      </Unit>
      <Unit filename="/home/louis/Documents/Robotics/MobileRobotsProject/mbsysCopy/mbs_common/mbs_module/mbs_dirdyn.h">
         <Option target="MBsysC_module"/>
      </Unit>
      <Unit filename="/home/louis/Documents/Robotics/MobileRobotsProject/mbsysCopy/mbs_common/mbs_module/mbs_dirdynared.c">
         <Option target="MBsysC_module"/>
      </Unit>
      <Unit filename="/home/louis/Documents/Robotics/MobileRobotsProject/mbsysCopy/mbs_common/mbs_module/mbs_equil.c">
         <Option target="MBsysC_module"/>
      </Unit>
      <Unit filename="/home/louis/Documents/Robotics/MobileRobotsProject/mbsysCopy/mbs_common/mbs_module/mbs_equil.h">
         <Option target="MBsysC_module"/>
      </Unit>
      <Unit filename="/home/louis/Documents/Robotics/MobileRobotsProject/mbsysCopy/mbs_common/mbs_module/mbs_linearipk.c">
         <Option target="MBsysC_module"/>
      </Unit>
      <Unit filename="/home/louis/Documents/Robotics/MobileRobotsProject/mbsysCopy/mbs_common/mbs_module/mbs_linearipk.h">
         <Option target="MBsysC_module"/>
      </Unit>
      <Unit filename="/home/louis/Documents/Robotics/MobileRobotsProject/mbsysCopy/mbs_common/mbs_module/mbs_modal.c">
         <Option target="MBsysC_module"/>
      </Unit>
      <Unit filename="/home/louis/Documents/Robotics/MobileRobotsProject/mbsysCopy/mbs_common/mbs_module/mbs_modal.h">
         <Option target="MBsysC_module"/>
      </Unit>
      <Unit filename="/home/louis/Documents/Robotics/MobileRobotsProject/mbsysCopy/mbs_common/mbs_module/mbs_part.c">
         <Option target="MBsysC_module"/>
      </Unit>
      <Unit filename="/home/louis/Documents/Robotics/MobileRobotsProject/mbsysCopy/mbs_common/mbs_module/mbs_part.h">
         <Option target="MBsysC_module"/>
      </Unit>
      <Unit filename="/home/louis/Documents/Robotics/MobileRobotsProject/mbsysCopy/mbs_common/mbs_numerics/choldc.c">
         <Option target="MBsysC_numerics"/>
      </Unit>
      <Unit filename="/home/louis/Documents/Robotics/MobileRobotsProject/mbsysCopy/mbs_common/mbs_numerics/cholsl.c">
         <Option target="MBsysC_numerics"/>
      </Unit>
      <Unit filename="/home/louis/Documents/Robotics/MobileRobotsProject/mbsysCopy/mbs_common/mbs_numerics/dopri5.c">
         <Option target="MBsysC_numerics"/>
      </Unit>
      <Unit filename="/home/louis/Documents/Robotics/MobileRobotsProject/mbsysCopy/mbs_common/mbs_numerics/dopri5.h">
         <Option target="MBsysC_numerics"/>
      </Unit>
      <Unit filename="/home/louis/Documents/Robotics/MobileRobotsProject/mbsysCopy/mbs_common/mbs_numerics/eig.c">
         <Option target="MBsysC_numerics"/>
      </Unit>
      <Unit filename="/home/louis/Documents/Robotics/MobileRobotsProject/mbsysCopy/mbs_common/mbs_numerics/eulerexplicit.c">
         <Option target="MBsysC_numerics"/>
      </Unit>
      <Unit filename="/home/louis/Documents/Robotics/MobileRobotsProject/mbsysCopy/mbs_common/mbs_numerics/lubksb.c">
         <Option target="MBsysC_numerics"/>
      </Unit>
      <Unit filename="/home/louis/Documents/Robotics/MobileRobotsProject/mbsysCopy/mbs_common/mbs_numerics/ludcmp.c">
         <Option target="MBsysC_numerics"/>
      </Unit>
      <Unit filename="/home/louis/Documents/Robotics/MobileRobotsProject/mbsysCopy/mbs_common/mbs_numerics/nrutil.c">
         <Option target="MBsysC_numerics"/>
      </Unit>
      <Unit filename="/home/louis/Documents/Robotics/MobileRobotsProject/mbsysCopy/mbs_common/mbs_numerics/nrutil.h">
         <Option target="MBsysC_numerics"/>
      </Unit>
      <Unit filename="/home/louis/Documents/Robotics/MobileRobotsProject/mbsysCopy/mbs_common/mbs_numerics/rank.c">
         <Option target="MBsysC_numerics"/>
      </Unit>
      <Unit filename="/home/louis/Documents/Robotics/MobileRobotsProject/mbsysCopy/mbs_common/mbs_numerics/rk4.c">
         <Option target="MBsysC_numerics"/>
      </Unit>
      <Unit filename="/home/louis/Documents/Robotics/MobileRobotsProject/mbsysCopy/mbs_common/mbs_numerics/svbksb.c">
         <Option target="MBsysC_numerics"/>
      </Unit>
      <Unit filename="/home/louis/Documents/Robotics/MobileRobotsProject/mbsysCopy/mbs_common/mbs_numerics/svdcmp.c">
         <Option target="MBsysC_numerics"/>
      </Unit>
      <Unit filename="/home/louis/Documents/Robotics/MobileRobotsProject/mbsysCopy/mbs_common/mbs_numerics/thetaSC.c">
         <Option target="MBsysC_numerics"/>
      </Unit>
      <Unit filename="/home/louis/Documents/Robotics/MobileRobotsProject/mbsysCopy/mbs_common/mbs_realtime/java/java_functions.c">
         <Option target="MBsysC_realtime"/>
      </Unit>
      <Unit filename="/home/louis/Documents/Robotics/MobileRobotsProject/mbsysCopy/mbs_common/mbs_realtime/java/java_functions.h">
         <Option target="MBsysC_realtime"/>
      </Unit>
      <Unit filename="/home/louis/Documents/Robotics/MobileRobotsProject/mbsysCopy/mbs_common/mbs_realtime/java/visu_past.c">
         <Option target="MBsysC_realtime"/>
      </Unit>
      <Unit filename="/home/louis/Documents/Robotics/MobileRobotsProject/mbsysCopy/mbs_common/mbs_realtime/java/visu_past.h">
         <Option target="MBsysC_realtime"/>
      </Unit>
      <Unit filename="/home/louis/Documents/Robotics/MobileRobotsProject/mbsysCopy/mbs_common/mbs_realtime/realtime/realtime.c">
         <Option target="MBsysC_realtime"/>
      </Unit>
      <Unit filename="/home/louis/Documents/Robotics/MobileRobotsProject/mbsysCopy/mbs_common/mbs_realtime/realtime/realtime.h">
         <Option target="MBsysC_realtime"/>
      </Unit>
      <Unit filename="/home/louis/Documents/Robotics/MobileRobotsProject/mbsysCopy/mbs_common/mbs_realtime/realtime/realtime_ext.c">
         <Option target="MBsysC_realtime"/>
      </Unit>
      <Unit filename="/home/louis/Documents/Robotics/MobileRobotsProject/mbsysCopy/mbs_common/mbs_realtime/realtime/realtime_ext.h">
         <Option target="MBsysC_realtime"/>
      </Unit>
      <Unit filename="/home/louis/Documents/Robotics/MobileRobotsProject/mbsysCopy/mbs_common/mbs_realtime/realtime/realtime_functions.c">
         <Option target="MBsysC_realtime"/>
      </Unit>
      <Unit filename="/home/louis/Documents/Robotics/MobileRobotsProject/mbsysCopy/mbs_common/mbs_realtime/realtime/realtime_functions.h">
         <Option target="MBsysC_realtime"/>
      </Unit>
      <Unit filename="/home/louis/Documents/Robotics/MobileRobotsProject/mbsysCopy/mbs_common/mbs_realtime/realtime/time_functions.c">
         <Option target="MBsysC_realtime"/>
      </Unit>
      <Unit filename="/home/louis/Documents/Robotics/MobileRobotsProject/mbsysCopy/mbs_common/mbs_realtime/realtime/time_functions.h">
         <Option target="MBsysC_realtime"/>
      </Unit>
      <Unit filename="/home/louis/Documents/Robotics/MobileRobotsProject/mbsysCopy/mbs_common/mbs_realtime/sdl/auto_plot/auto_plot.c">
         <Option target="MBsysC_realtime"/>
      </Unit>
      <Unit filename="/home/louis/Documents/Robotics/MobileRobotsProject/mbsysCopy/mbs_common/mbs_realtime/sdl/auto_plot/auto_plot.h">
         <Option target="MBsysC_realtime"/>
      </Unit>
      <Unit filename="/home/louis/Documents/Robotics/MobileRobotsProject/mbsysCopy/mbs_common/mbs_realtime/sdl/auto_plot/set_plot.c">
         <Option target="MBsysC_realtime"/>
      </Unit>
      <Unit filename="/home/louis/Documents/Robotics/MobileRobotsProject/mbsysCopy/mbs_common/mbs_realtime/sdl/auto_plot/set_plot.h">
         <Option target="MBsysC_realtime"/>
      </Unit>
      <Unit filename="/home/louis/Documents/Robotics/MobileRobotsProject/mbsysCopy/mbs_common/mbs_realtime/sdl/events_sdl.c">
         <Option target="MBsysC_realtime"/>
      </Unit>
      <Unit filename="/home/louis/Documents/Robotics/MobileRobotsProject/mbsysCopy/mbs_common/mbs_realtime/sdl/events_sdl.h">
         <Option target="MBsysC_realtime"/>
      </Unit>
      <Unit filename="/home/louis/Documents/Robotics/MobileRobotsProject/mbsysCopy/mbs_common/mbs_realtime/sdl/plot_sdl.c">
         <Option target="MBsysC_realtime"/>
      </Unit>
      <Unit filename="/home/louis/Documents/Robotics/MobileRobotsProject/mbsysCopy/mbs_common/mbs_realtime/sdl/plot_sdl.h">
         <Option target="MBsysC_realtime"/>
      </Unit>
      <Unit filename="/home/louis/Documents/Robotics/MobileRobotsProject/mbsysCopy/mbs_common/mbs_realtime/void/void_set_plot.c">
         <Option target="MBsysC_realtime"/>
      </Unit>
      <Unit filename="/home/louis/Documents/Robotics/MobileRobotsProject/mbsysCopy/mbs_common/mbs_struct/mbs_aux.c">
         <Option target="MBsysC_struct"/>
      </Unit>
      <Unit filename="/home/louis/Documents/Robotics/MobileRobotsProject/mbsysCopy/mbs_common/mbs_struct/mbs_aux.h">
         <Option target="MBsysC_struct"/>
      </Unit>
      <Unit filename="/home/louis/Documents/Robotics/MobileRobotsProject/mbsysCopy/mbs_common/mbs_struct/mbs_data.c">
         <Option target="MBsysC_struct"/>
      </Unit>
      <Unit filename="/home/louis/Documents/Robotics/MobileRobotsProject/mbsysCopy/mbs_common/mbs_struct/mbs_data.h">
         <Option target="MBsysC_struct"/>
      </Unit>
      <Unit filename="/home/louis/Documents/Robotics/MobileRobotsProject/mbsysCopy/mbs_common/mbs_struct/mbs_project_fct_ptr.c">
         <Option target="MBsysC_struct"/>
      </Unit>
      <Unit filename="/home/louis/Documents/Robotics/MobileRobotsProject/mbsysCopy/mbs_common/mbs_struct/mbs_project_fct_ptr.h">
         <Option target="MBsysC_struct"/>
      </Unit>
      <Unit filename="/home/louis/Documents/Robotics/MobileRobotsProject/mbsysCopy/mbs_common/mbs_struct/mbs_sensor.c">
         <Option target="MBsysC_struct"/>
      </Unit>
      <Unit filename="/home/louis/Documents/Robotics/MobileRobotsProject/mbsysCopy/mbs_common/mbs_struct/mbs_sensor.h">
         <Option target="MBsysC_struct"/>
      </Unit>
      <Unit filename="/home/louis/Documents/Robotics/MobileRobotsProject/mbsysCopy/mbs_common/mbs_utilities/auto_output/auto_output.c">
         <Option target="MBsysC_utilities"/>
      </Unit>
      <Unit filename="/home/louis/Documents/Robotics/MobileRobotsProject/mbsysCopy/mbs_common/mbs_utilities/auto_output/auto_output.h">
         <Option target="MBsysC_utilities"/>
      </Unit>
      <Unit filename="/home/louis/Documents/Robotics/MobileRobotsProject/mbsysCopy/mbs_common/mbs_utilities/auto_output/set_output.c">
         <Option target="MBsysC_utilities"/>
      </Unit>
      <Unit filename="/home/louis/Documents/Robotics/MobileRobotsProject/mbsysCopy/mbs_common/mbs_utilities/auto_output/set_output.h">
         <Option target="MBsysC_utilities"/>
      </Unit>
      <Unit filename="/home/louis/Documents/Robotics/MobileRobotsProject/mbsysCopy/mbs_common/mbs_utilities/lut.c">
         <Option target="MBsysC_utilities"/>
      </Unit>
      <Unit filename="/home/louis/Documents/Robotics/MobileRobotsProject/mbsysCopy/mbs_common/mbs_utilities/lut.h">
         <Option target="MBsysC_utilities"/>
      </Unit>
      <Unit filename="/home/louis/Documents/Robotics/MobileRobotsProject/mbsysCopy/mbs_common/mbs_utilities/mbs_buffer.c">
         <Option target="MBsysC_utilities"/>
      </Unit>
      <Unit filename="/home/louis/Documents/Robotics/MobileRobotsProject/mbsysCopy/mbs_common/mbs_utilities/mbs_buffer.h">
         <Option target="MBsysC_utilities"/>
      </Unit>
      <Unit filename="/home/louis/Documents/Robotics/MobileRobotsProject/mbsysCopy/mbs_common/mbs_utilities/mbs_matrix.c">
         <Option target="MBsysC_utilities"/>
      </Unit>
      <Unit filename="/home/louis/Documents/Robotics/MobileRobotsProject/mbsysCopy/mbs_common/mbs_utilities/mbs_matrix.h">
         <Option target="MBsysC_utilities"/>
      </Unit>
      <Unit filename="/home/louis/Documents/Robotics/MobileRobotsProject/mbsysCopy/mbs_common/mbs_utilities/mbs_path.c">
         <Option target="MBsysC_utilities"/>
      </Unit>
      <Unit filename="/home/louis/Documents/Robotics/MobileRobotsProject/mbsysCopy/mbs_common/mbs_utilities/mbs_path.h">
         <Option target="MBsysC_utilities"/>
      </Unit>
      <Unit filename="/home/louis/Documents/Robotics/MobileRobotsProject/mbsysCopy/mbs_common/mbs_utilities/mbs_set.c">
         <Option target="MBsysC_utilities"/>
      </Unit>
      <Unit filename="/home/louis/Documents/Robotics/MobileRobotsProject/mbsysCopy/mbs_common/mbs_utilities/mbs_set.h">
         <Option target="MBsysC_utilities"/>
      </Unit>
      <Unit filename="/home/louis/Documents/Robotics/MobileRobotsProject/mbsysCopy/mbs_common/mbs_utilities/mbs_tool.c">
         <Option target="MBsysC_utilities"/>
      </Unit>
      <Unit filename="/home/louis/Documents/Robotics/MobileRobotsProject/mbsysCopy/mbs_common/mbs_utilities/mbs_tool.h">
         <Option target="MBsysC_utilities"/>
      </Unit>
      <Unit filename="/home/louis/Documents/Robotics/MobileRobotsProject/mbsysCopy/mbs_common/mbs_utilities/norm.c">
         <Option target="MBsysC_utilities"/>
      </Unit>
      <Unit filename="/home/louis/Documents/Robotics/MobileRobotsProject/mbsysCopy/mbs_common/mbs_utilities/useful_functions.c">
         <Option target="MBsysC_utilities"/>
      </Unit>
      <Unit filename="/home/louis/Documents/Robotics/MobileRobotsProject/mbsysCopy/mbs_common/mbs_utilities/useful_functions.h">
         <Option target="MBsysC_utilities"/>
      </Unit>
      <Unit filename="/home/louis/Documents/Robotics/MobileRobotsProject/mbsysCopy/mbs_common/mbs_utilities/write_files.c">
         <Option target="MBsysC_utilities"/>
      </Unit>
      <Unit filename="/home/louis/Documents/Robotics/MobileRobotsProject/mbsysCopy/mbs_common/mbs_utilities/write_files.h">
         <Option target="MBsysC_utilities"/>
      </Unit>
      <Unit filename="/home/louis/Documents/Robotics/MobileRobotsProject/workR/CMakeLists.txt">
          <Option virtualFolder="CMake Files\" />
      </Unit>
      <Unit filename="/home/louis/Documents/Robotics/MobileRobotsProject/workR/../mbsysCopy/mbs_common/CMakeLists.txt">
          <Option virtualFolder="CMake Files\..\mbsysCopy\mbs_common\" />
      </Unit>
      <Unit filename="/home/louis/Documents/Robotics/MobileRobotsProject/workR/../mbsysCopy/mbs_common/LibRobotranCConfig.cmake.in">
          <Option virtualFolder="CMake Files\..\mbsysCopy\mbs_common\" />
      </Unit>
      <Unit filename="/home/louis/Documents/Robotics/MobileRobotsProject/workR/../mbsysCopy/mbs_common/CMakeLists.txt">
          <Option virtualFolder="CMake Files\..\mbsysCopy\mbs_common\" />
      </Unit>
      <Unit filename="/home/louis/Documents/Robotics/MobileRobotsProject/workR/../mbsysCopy/mbs_common/LibRobotranCConfig.cmake.in">
          <Option virtualFolder="CMake Files\..\mbsysCopy\mbs_common\" />
      </Unit>
      <Unit filename="/home/louis/Documents/Robotics/MobileRobotsProject/workR/../mbsysCopy/mbs_common/mbs_numerics/CMakeLists.txt">
          <Option virtualFolder="CMake Files\..\mbsysCopy\mbs_common\mbs_numerics\" />
      </Unit>
      <Unit filename="/home/louis/Documents/Robotics/MobileRobotsProject/workR/../mbsysCopy/mbs_common/mbs_numerics/CMakeLists.txt">
          <Option virtualFolder="CMake Files\..\mbsysCopy\mbs_common\mbs_numerics\" />
      </Unit>
      <Unit filename="/home/louis/Documents/Robotics/MobileRobotsProject/workR/../mbsysCopy/mbs_common/mbs_numerics/CMakeLists.txt">
          <Option virtualFolder="CMake Files\..\mbsysCopy\mbs_common\mbs_numerics\" />
      </Unit>
      <Unit filename="/home/louis/Documents/Robotics/MobileRobotsProject/workR/../mbsysCopy/mbs_common/mbs_struct/CMakeLists.txt">
          <Option virtualFolder="CMake Files\..\mbsysCopy\mbs_common\mbs_struct\" />
      </Unit>
      <Unit filename="/home/louis/Documents/Robotics/MobileRobotsProject/workR/../mbsysCopy/mbs_common/mbs_struct/CMakeLists.txt">
          <Option virtualFolder="CMake Files\..\mbsysCopy\mbs_common\mbs_struct\" />
      </Unit>
      <Unit filename="/home/louis/Documents/Robotics/MobileRobotsProject/workR/../mbsysCopy/mbs_common/mbs_struct/CMakeLists.txt">
          <Option virtualFolder="CMake Files\..\mbsysCopy\mbs_common\mbs_struct\" />
      </Unit>
      <Unit filename="/home/louis/Documents/Robotics/MobileRobotsProject/workR/../mbsysCopy/mbs_common/mbs_utilities/CMakeLists.txt">
          <Option virtualFolder="CMake Files\..\mbsysCopy\mbs_common\mbs_utilities\" />
      </Unit>
      <Unit filename="/home/louis/Documents/Robotics/MobileRobotsProject/workR/../mbsysCopy/mbs_common/mbs_utilities/CMakeLists.txt">
          <Option virtualFolder="CMake Files\..\mbsysCopy\mbs_common\mbs_utilities\" />
      </Unit>
      <Unit filename="/home/louis/Documents/Robotics/MobileRobotsProject/workR/../mbsysCopy/mbs_common/mbs_utilities/CMakeLists.txt">
          <Option virtualFolder="CMake Files\..\mbsysCopy\mbs_common\mbs_utilities\" />
      </Unit>
      <Unit filename="/home/louis/Documents/Robotics/MobileRobotsProject/workR/../mbsysCopy/mbs_common/mbs_load_xml/CMakeLists.txt">
          <Option virtualFolder="CMake Files\..\mbsysCopy\mbs_common\mbs_load_xml\" />
      </Unit>
      <Unit filename="/home/louis/Documents/Robotics/MobileRobotsProject/workR/../mbsysCopy/mbs_common/mbs_load_xml/CMakeLists.txt">
          <Option virtualFolder="CMake Files\..\mbsysCopy\mbs_common\mbs_load_xml\" />
      </Unit>
      <Unit filename="/home/louis/Documents/Robotics/MobileRobotsProject/workR/../mbsysCopy/mbs_common/mbs_load_xml/CMakeLists.txt">
          <Option virtualFolder="CMake Files\..\mbsysCopy\mbs_common\mbs_load_xml\" />
      </Unit>
      <Unit filename="/home/louis/Documents/Robotics/MobileRobotsProject/workR/../mbsysCopy/mbs_common/mbs_realtime/CMakeLists.txt">
          <Option virtualFolder="CMake Files\..\mbsysCopy\mbs_common\mbs_realtime\" />
      </Unit>
      <Unit filename="/home/louis/Documents/Robotics/MobileRobotsProject/workR/../mbsysCopy/mbs_common/mbs_realtime/CMakeLists.txt">
          <Option virtualFolder="CMake Files\..\mbsysCopy\mbs_common\mbs_realtime\" />
      </Unit>
      <Unit filename="/home/louis/Documents/Robotics/MobileRobotsProject/workR/../mbsysCopy/mbs_common/mbs_realtime/CMakeLists.txt">
          <Option virtualFolder="CMake Files\..\mbsysCopy\mbs_common\mbs_realtime\" />
      </Unit>
      <Unit filename="/home/louis/Documents/Robotics/MobileRobotsProject/workR/../mbsysCopy/mbs_common/mbs_realtime/sdl/conf/cmake_sdl_config.h.in">
          <Option virtualFolder="CMake Files\..\mbsysCopy\mbs_common\mbs_realtime\sdl\conf\" />
      </Unit>
      <Unit filename="/home/louis/Documents/Robotics/MobileRobotsProject/workR/../mbsysCopy/mbs_common/mbs_realtime/sdl/conf/cmake_sdl_config.h.in">
          <Option virtualFolder="CMake Files\..\mbsysCopy\mbs_common\mbs_realtime\sdl\conf\" />
      </Unit>
      <Unit filename="/home/louis/Documents/Robotics/MobileRobotsProject/workR/../mbsysCopy/mbs_common/mbs_realtime/sdl/conf/cmake_sdl_config.h.in">
          <Option virtualFolder="CMake Files\..\mbsysCopy\mbs_common\mbs_realtime\sdl\conf\" />
      </Unit>
      <Unit filename="/home/louis/Documents/Robotics/MobileRobotsProject/workR/../mbsysCopy/mbs_common/mbs_realtime/java/conf/cmake_java_config.h.in">
          <Option virtualFolder="CMake Files\..\mbsysCopy\mbs_common\mbs_realtime\java\conf\" />
      </Unit>
      <Unit filename="/home/louis/Documents/Robotics/MobileRobotsProject/workR/../mbsysCopy/mbs_common/mbs_realtime/java/conf/cmake_java_config.h.in">
          <Option virtualFolder="CMake Files\..\mbsysCopy\mbs_common\mbs_realtime\java\conf\" />
      </Unit>
      <Unit filename="/home/louis/Documents/Robotics/MobileRobotsProject/workR/../mbsysCopy/mbs_common/mbs_realtime/java/conf/cmake_java_config.h.in">
          <Option virtualFolder="CMake Files\..\mbsysCopy\mbs_common\mbs_realtime\java\conf\" />
      </Unit>
      <Unit filename="/home/louis/Documents/Robotics/MobileRobotsProject/workR/../mbsysCopy/mbs_common/mbs_module/CMakeLists.txt">
          <Option virtualFolder="CMake Files\..\mbsysCopy\mbs_common\mbs_module\" />
      </Unit>
      <Unit filename="/home/louis/Documents/Robotics/MobileRobotsProject/workR/../mbsysCopy/mbs_common/mbs_module/CMakeLists.txt">
          <Option virtualFolder="CMake Files\..\mbsysCopy\mbs_common\mbs_module\" />
      </Unit>
      <Unit filename="/home/louis/Documents/Robotics/MobileRobotsProject/workR/../mbsysCopy/mbs_common/mbs_module/CMakeLists.txt">
          <Option virtualFolder="CMake Files\..\mbsysCopy\mbs_common\mbs_module\" />
      </Unit>
      <Unit filename="/home/louis/Documents/Robotics/MobileRobotsProject/workR/../mbsysCopy/cmake_aux/listing/CMakeLists.txt">
          <Option virtualFolder="CMake Files\..\mbsysCopy\cmake_aux\listing\" />
      </Unit>
      <Unit filename="/home/louis/Documents/Robotics/MobileRobotsProject/workR/../mbsysCopy/cmake_aux/listing/CMakeLists.txt">
          <Option virtualFolder="CMake Files\..\mbsysCopy\cmake_aux\listing\" />
      </Unit>
      <Unit filename="/home/louis/Documents/Robotics/MobileRobotsProject/workR/../mbsysCopy/cmake_aux/listing/CMakeLists.txt">
          <Option virtualFolder="CMake Files\..\mbsysCopy\cmake_aux\listing\" />
      </Unit>
      <Unit filename="/home/louis/Documents/Robotics/MobileRobotsProject/workR/../mbsysCopy/cmake_aux/flags/CMakeLists.txt">
          <Option virtualFolder="CMake Files\..\mbsysCopy\cmake_aux\flags\" />
      </Unit>
      <Unit filename="/home/louis/Documents/Robotics/MobileRobotsProject/workR/../mbsysCopy/cmake_aux/flags/CMakeLists.txt">
          <Option virtualFolder="CMake Files\..\mbsysCopy\cmake_aux\flags\" />
      </Unit>
      <Unit filename="/home/louis/Documents/Robotics/MobileRobotsProject/workR/../mbsysCopy/cmake_aux/flags/CMakeLists.txt">
          <Option virtualFolder="CMake Files\..\mbsysCopy\cmake_aux\flags\" />
      </Unit>
      <Unit filename="/home/louis/Documents/Robotics/MobileRobotsProject/workR/../mbsysCopy/cmake_aux/libraries/CMakeLists.txt">
          <Option virtualFolder="CMake Files\..\mbsysCopy\cmake_aux\libraries\" />
      </Unit>
      <Unit filename="/home/louis/Documents/Robotics/MobileRobotsProject/workR/../mbsysCopy/cmake_aux/libraries/CMakeLists.txt">
          <Option virtualFolder="CMake Files\..\mbsysCopy\cmake_aux\libraries\" />
      </Unit>
      <Unit filename="/home/louis/Documents/Robotics/MobileRobotsProject/workR/../mbsysCopy/cmake_aux/libraries/CMakeLists.txt">
          <Option virtualFolder="CMake Files\..\mbsysCopy\cmake_aux\libraries\" />
      </Unit>
      <Unit filename="/home/louis/Documents/Robotics/MobileRobotsProject/workR/../mbsysCopy/cmake_aux/make_opt/CMakeLists.txt">
          <Option virtualFolder="CMake Files\..\mbsysCopy\cmake_aux\make_opt\" />
      </Unit>
      <Unit filename="/home/louis/Documents/Robotics/MobileRobotsProject/workR/../mbsysCopy/conf/FindGSL.cmake">
          <Option virtualFolder="CMake Files\..\mbsysCopy\conf\" />
      </Unit>
      <Unit filename="/home/louis/Documents/Robotics/MobileRobotsProject/workR/../mbsysCopy/conf/FindSDL2.cmake">
          <Option virtualFolder="CMake Files\..\mbsysCopy\conf\" />
      </Unit>
      <Unit filename="/home/louis/Documents/Robotics/MobileRobotsProject/workR/../mbsysCopy/conf/FindSDL2_ttf.cmake">
          <Option virtualFolder="CMake Files\..\mbsysCopy\conf\" />
      </Unit>
      <Unit filename="/home/louis/Documents/Robotics/MobileRobotsProject/workR/../mbsysCopy/conf/FindJNI.cmake">
          <Option virtualFolder="CMake Files\..\mbsysCopy\conf\" />
      </Unit>
      <Unit filename="/home/louis/Documents/Robotics/MobileRobotsProject/workR/../mbsysCopy/conf/FindJ3D.cmake">
          <Option virtualFolder="CMake Files\..\mbsysCopy\conf\" />
      </Unit>
      <Unit filename="/home/louis/Documents/Robotics/MobileRobotsProject/workR/../mbsysCopy/conf/FindGSL.cmake">
          <Option virtualFolder="CMake Files\..\mbsysCopy\conf\" />
      </Unit>
      <Unit filename="/home/louis/Documents/Robotics/MobileRobotsProject/workR/../mbsysCopy/conf/FindGSL.cmake">
          <Option virtualFolder="CMake Files\..\mbsysCopy\conf\" />
      </Unit>
      <Unit filename="/home/louis/Documents/Robotics/MobileRobotsProject/workR/../mbsysCopy/conf/FindGSL.cmake">
          <Option virtualFolder="CMake Files\..\mbsysCopy\conf\" />
      </Unit>
      <Unit filename="/home/louis/Documents/Robotics/MobileRobotsProject/workR/../mbsysCopy/conf/FindSDL2.cmake">
          <Option virtualFolder="CMake Files\..\mbsysCopy\conf\" />
      </Unit>
      <Unit filename="/home/louis/Documents/Robotics/MobileRobotsProject/workR/../mbsysCopy/conf/FindSDL2_ttf.cmake">
          <Option virtualFolder="CMake Files\..\mbsysCopy\conf\" />
      </Unit>
      <Unit filename="/home/louis/Documents/Robotics/MobileRobotsProject/workR/../mbsysCopy/conf/FindJNI.cmake">
          <Option virtualFolder="CMake Files\..\mbsysCopy\conf\" />
      </Unit>
      <Unit filename="/home/louis/Documents/Robotics/MobileRobotsProject/workR/../mbsysCopy/conf/FindJ3D.cmake">
          <Option virtualFolder="CMake Files\..\mbsysCopy\conf\" />
      </Unit>
      <Unit filename="/home/louis/Documents/Robotics/MobileRobotsProject/workR/../mbsysCopy/conf/FindSDL2.cmake">
          <Option virtualFolder="CMake Files\..\mbsysCopy\conf\" />
      </Unit>
      <Unit filename="/home/louis/Documents/Robotics/MobileRobotsProject/workR/../mbsysCopy/conf/cmake_config.h.in">
          <Option virtualFolder="CMake Files\..\mbsysCopy\conf\" />
      </Unit>
      <Unit filename="/home/louis/Documents/Robotics/MobileRobotsProject/workR/../mbsysCopy/conf/FindSDL2.cmake">
          <Option virtualFolder="CMake Files\..\mbsysCopy\conf\" />
      </Unit>
      <Unit filename="/home/louis/Documents/Robotics/MobileRobotsProject/workR/../mbsysCopy/conf/FindGSL.cmake">
          <Option virtualFolder="CMake Files\..\mbsysCopy\conf\" />
      </Unit>
      <Unit filename="/home/louis/Documents/Robotics/MobileRobotsProject/workR/../mbsysCopy/conf/FindSDL2.cmake">
          <Option virtualFolder="CMake Files\..\mbsysCopy\conf\" />
      </Unit>
      <Unit filename="/home/louis/Documents/Robotics/MobileRobotsProject/workR/../mbsysCopy/conf/FindSDL2_ttf.cmake">
          <Option virtualFolder="CMake Files\..\mbsysCopy\conf\" />
      </Unit>
      <Unit filename="/home/louis/Documents/Robotics/MobileRobotsProject/workR/../mbsysCopy/conf/FindJNI.cmake">
          <Option virtualFolder="CMake Files\..\mbsysCopy\conf\" />
      </Unit>
      <Unit filename="/home/louis/Documents/Robotics/MobileRobotsProject/workR/../mbsysCopy/conf/FindJ3D.cmake">
          <Option virtualFolder="CMake Files\..\mbsysCopy\conf\" />
      </Unit>
      <Unit filename="/home/louis/Documents/Robotics/MobileRobotsProject/workR/../mbsysCopy/conf/FindGSL.cmake">
          <Option virtualFolder="CMake Files\..\mbsysCopy\conf\" />
      </Unit>
      <Unit filename="/home/louis/Documents/Robotics/MobileRobotsProject/workR/../mbsysCopy/conf/FindSDL2.cmake">
          <Option virtualFolder="CMake Files\..\mbsysCopy\conf\" />
      </Unit>
      <Unit filename="/home/louis/Documents/Robotics/MobileRobotsProject/workR/../symbolicR/CMakeLists.txt">
          <Option virtualFolder="CMake Files\..\symbolicR\" />
      </Unit>
      <Unit filename="/home/louis/Documents/Robotics/MobileRobotsProject/workR/../symbolicR/CMakeLists.txt">
          <Option virtualFolder="CMake Files\..\symbolicR\" />
      </Unit>
      <Unit filename="/home/louis/Documents/Robotics/MobileRobotsProject/workR/../userfctR/CMakeLists.txt">
          <Option virtualFolder="CMake Files\..\userfctR\" />
      </Unit>
      <Unit filename="/home/louis/Documents/Robotics/MobileRobotsProject/workR/../userfctR/CMakeLists.txt">
          <Option virtualFolder="CMake Files\..\userfctR\" />
      </Unit>
   </Project>
</CodeBlocks_project_file>
