<?xml version="1.0" encoding="UTF-8" standalone="yes" ?>
<CodeBlocks_project_file>
   <FileVersion major="1" minor="6" />
   <Project>
      <Option title="MBsysC_utilities" />
      <Option makefile_is_custom="1" />
      <Option compiler="gcc" />
      <Option virtualFolders="CMake Files\;CMake Files\..\;CMake Files\..\mbsysCopy\;CMake Files\..\mbsysCopy\mbs_common\;CMake Files\..\mbsysCopy\mbs_common\mbs_numerics\;CMake Files\..\mbsysCopy\mbs_common\mbs_struct\;CMake Files\..\mbsysCopy\mbs_common\mbs_utilities\;CMake Files\..\mbsysCopy\mbs_common\mbs_load_xml\;CMake Files\..\mbsysCopy\mbs_common\mbs_realtime\;CMake Files\..\mbsysCopy\mbs_common\mbs_realtime\sdl\;CMake Files\..\mbsysCopy\mbs_common\mbs_realtime\sdl\conf\;CMake Files\..\mbsysCopy\mbs_common\mbs_realtime\java\;CMake Files\..\mbsysCopy\mbs_common\mbs_realtime\java\conf\;CMake Files\..\mbsysCopy\mbs_common\mbs_module\;CMake Files\..\mbsysCopy\cmake_aux\;CMake Files\..\mbsysCopy\cmake_aux\listing\;CMake Files\..\mbsysCopy\cmake_aux\flags\;CMake Files\..\mbsysCopy\cmake_aux\libraries\;CMake Files\..\mbsysCopy\cmake_aux\make_opt\;CMake Files\..\mbsysCopy\conf\;CMake Files\..\symbolicR\;CMake Files\..\userfctR\;" />
      <Build>
      <Target title="all">
         <Option working_dir="/home/louis/Documents/Robotics/MICRO_MobileRobots/m454_project/workR-build/mbs_common/mbs_utilities" />
         <Option type="4" />
         <MakeCommands>
            <Build command="/usr/bin/make -f &quot;/home/louis/Documents/Robotics/MICRO_MobileRobots/m454_project/workR-build/mbs_common/mbs_utilities/Makefile&quot;  VERBOSE=1 all" />
            <CompileFile command="/usr/bin/make -f &quot;/home/louis/Documents/Robotics/MICRO_MobileRobots/m454_project/workR-build/mbs_common/mbs_utilities/Makefile&quot;  VERBOSE=1 &quot;$file&quot;" />
            <Clean command="/usr/bin/make -f &quot;/home/louis/Documents/Robotics/MICRO_MobileRobots/m454_project/workR-build/mbs_common/mbs_utilities/Makefile&quot;  VERBOSE=1 clean" />
            <DistClean command="/usr/bin/make -f &quot;/home/louis/Documents/Robotics/MICRO_MobileRobots/m454_project/workR-build/mbs_common/mbs_utilities/Makefile&quot;  VERBOSE=1 clean" />
         </MakeCommands>
      </Target>
      <Target title="MBsysC_utilities">
         <Option output="/home/louis/Documents/Robotics/MICRO_MobileRobots/m454_project/workR-build/mbs_common/mbs_utilities/libMBsysC_utilities.a" prefix_auto="0" extension_auto="0" />
         <Option working_dir="/home/louis/Documents/Robotics/MICRO_MobileRobots/m454_project/workR-build/mbs_common/mbs_utilities" />
         <Option object_output="./" />
         <Option type="2" />
         <Option compiler="gcc" />
         <Compiler>
            <Add option="-DUNIX" />
            <Add option="-DDIRDYNARED" />
            <Add option="-DREAL_TIME" />
            <Add option="-DSDL" />
            <Add option="-DJAVA" />
            <Add option="-DMBSYSC_UTILITIES_STATIC_DEFINE" />
            <Add directory="/home/louis/Documents/Robotics/MICRO_MobileRobots/m454_project/mbsysCopy/mbs_common/mbs_utilities/." />
            <Add directory="/home/louis/Documents/Robotics/MICRO_MobileRobots/m454_project/mbsysCopy/mbs_common/mbs_utilities/../mbs_struct" />
            <Add directory="/home/louis/Documents/Robotics/MICRO_MobileRobots/m454_project/mbsysCopy/mbs_common/mbs_utilities/./auto_output" />
            <Add directory="/usr/include" />
            <Add directory="/usr/include/c++/5" />
            <Add directory="/usr/include/c++/5/backward" />
            <Add directory="/usr/include/x86_64-linux-gnu" />
            <Add directory="/usr/include/x86_64-linux-gnu/c++/5" />
            <Add directory="/usr/lib/gcc/x86_64-linux-gnu/5/include" />
            <Add directory="/usr/lib/gcc/x86_64-linux-gnu/5/include-fixed" />
            <Add directory="/usr/local/include" />
         </Compiler>
         <MakeCommands>
            <Build command="/usr/bin/make -f &quot;/home/louis/Documents/Robotics/MICRO_MobileRobots/m454_project/workR-build/mbs_common/mbs_utilities/Makefile&quot;  VERBOSE=1 MBsysC_utilities" />
            <CompileFile command="/usr/bin/make -f &quot;/home/louis/Documents/Robotics/MICRO_MobileRobots/m454_project/workR-build/mbs_common/mbs_utilities/Makefile&quot;  VERBOSE=1 &quot;$file&quot;" />
            <Clean command="/usr/bin/make -f &quot;/home/louis/Documents/Robotics/MICRO_MobileRobots/m454_project/workR-build/mbs_common/mbs_utilities/Makefile&quot;  VERBOSE=1 clean" />
            <DistClean command="/usr/bin/make -f &quot;/home/louis/Documents/Robotics/MICRO_MobileRobots/m454_project/workR-build/mbs_common/mbs_utilities/Makefile&quot;  VERBOSE=1 clean" />
         </MakeCommands>
      </Target>
      <Target title="MBsysC_utilities/fast">
         <Option output="/home/louis/Documents/Robotics/MICRO_MobileRobots/m454_project/workR-build/mbs_common/mbs_utilities/libMBsysC_utilities.a" prefix_auto="0" extension_auto="0" />
         <Option working_dir="/home/louis/Documents/Robotics/MICRO_MobileRobots/m454_project/workR-build/mbs_common/mbs_utilities" />
         <Option object_output="./" />
         <Option type="2" />
         <Option compiler="gcc" />
         <Compiler>
            <Add option="-DUNIX" />
            <Add option="-DDIRDYNARED" />
            <Add option="-DREAL_TIME" />
            <Add option="-DSDL" />
            <Add option="-DJAVA" />
            <Add option="-DMBSYSC_UTILITIES_STATIC_DEFINE" />
            <Add directory="/home/louis/Documents/Robotics/MICRO_MobileRobots/m454_project/mbsysCopy/mbs_common/mbs_utilities/." />
            <Add directory="/home/louis/Documents/Robotics/MICRO_MobileRobots/m454_project/mbsysCopy/mbs_common/mbs_utilities/../mbs_struct" />
            <Add directory="/home/louis/Documents/Robotics/MICRO_MobileRobots/m454_project/mbsysCopy/mbs_common/mbs_utilities/./auto_output" />
            <Add directory="/usr/include" />
            <Add directory="/usr/include/c++/5" />
            <Add directory="/usr/include/c++/5/backward" />
            <Add directory="/usr/include/x86_64-linux-gnu" />
            <Add directory="/usr/include/x86_64-linux-gnu/c++/5" />
            <Add directory="/usr/lib/gcc/x86_64-linux-gnu/5/include" />
            <Add directory="/usr/lib/gcc/x86_64-linux-gnu/5/include-fixed" />
            <Add directory="/usr/local/include" />
         </Compiler>
         <MakeCommands>
            <Build command="/usr/bin/make -f &quot;/home/louis/Documents/Robotics/MICRO_MobileRobots/m454_project/workR-build/mbs_common/mbs_utilities/Makefile&quot;  VERBOSE=1 MBsysC_utilities/fast" />
            <CompileFile command="/usr/bin/make -f &quot;/home/louis/Documents/Robotics/MICRO_MobileRobots/m454_project/workR-build/mbs_common/mbs_utilities/Makefile&quot;  VERBOSE=1 &quot;$file&quot;" />
            <Clean command="/usr/bin/make -f &quot;/home/louis/Documents/Robotics/MICRO_MobileRobots/m454_project/workR-build/mbs_common/mbs_utilities/Makefile&quot;  VERBOSE=1 clean" />
            <DistClean command="/usr/bin/make -f &quot;/home/louis/Documents/Robotics/MICRO_MobileRobots/m454_project/workR-build/mbs_common/mbs_utilities/Makefile&quot;  VERBOSE=1 clean" />
         </MakeCommands>
      </Target>
      </Build>
      <Unit filename="/home/louis/Documents/Robotics/MICRO_MobileRobots/m454_project/mbsysCopy/mbs_common/mbs_utilities/auto_output/auto_output.c">
         <Option target="MBsysC_utilities"/>
      </Unit>
      <Unit filename="/home/louis/Documents/Robotics/MICRO_MobileRobots/m454_project/mbsysCopy/mbs_common/mbs_utilities/auto_output/auto_output.h">
         <Option target="MBsysC_utilities"/>
      </Unit>
      <Unit filename="/home/louis/Documents/Robotics/MICRO_MobileRobots/m454_project/mbsysCopy/mbs_common/mbs_utilities/auto_output/set_output.c">
         <Option target="MBsysC_utilities"/>
      </Unit>
      <Unit filename="/home/louis/Documents/Robotics/MICRO_MobileRobots/m454_project/mbsysCopy/mbs_common/mbs_utilities/auto_output/set_output.h">
         <Option target="MBsysC_utilities"/>
      </Unit>
      <Unit filename="/home/louis/Documents/Robotics/MICRO_MobileRobots/m454_project/mbsysCopy/mbs_common/mbs_utilities/lut.c">
         <Option target="MBsysC_utilities"/>
      </Unit>
      <Unit filename="/home/louis/Documents/Robotics/MICRO_MobileRobots/m454_project/mbsysCopy/mbs_common/mbs_utilities/lut.h">
         <Option target="MBsysC_utilities"/>
      </Unit>
      <Unit filename="/home/louis/Documents/Robotics/MICRO_MobileRobots/m454_project/mbsysCopy/mbs_common/mbs_utilities/mbs_buffer.c">
         <Option target="MBsysC_utilities"/>
      </Unit>
      <Unit filename="/home/louis/Documents/Robotics/MICRO_MobileRobots/m454_project/mbsysCopy/mbs_common/mbs_utilities/mbs_buffer.h">
         <Option target="MBsysC_utilities"/>
      </Unit>
      <Unit filename="/home/louis/Documents/Robotics/MICRO_MobileRobots/m454_project/mbsysCopy/mbs_common/mbs_utilities/mbs_matrix.c">
         <Option target="MBsysC_utilities"/>
      </Unit>
      <Unit filename="/home/louis/Documents/Robotics/MICRO_MobileRobots/m454_project/mbsysCopy/mbs_common/mbs_utilities/mbs_matrix.h">
         <Option target="MBsysC_utilities"/>
      </Unit>
      <Unit filename="/home/louis/Documents/Robotics/MICRO_MobileRobots/m454_project/mbsysCopy/mbs_common/mbs_utilities/mbs_path.c">
         <Option target="MBsysC_utilities"/>
      </Unit>
      <Unit filename="/home/louis/Documents/Robotics/MICRO_MobileRobots/m454_project/mbsysCopy/mbs_common/mbs_utilities/mbs_path.h">
         <Option target="MBsysC_utilities"/>
      </Unit>
      <Unit filename="/home/louis/Documents/Robotics/MICRO_MobileRobots/m454_project/mbsysCopy/mbs_common/mbs_utilities/mbs_set.c">
         <Option target="MBsysC_utilities"/>
      </Unit>
      <Unit filename="/home/louis/Documents/Robotics/MICRO_MobileRobots/m454_project/mbsysCopy/mbs_common/mbs_utilities/mbs_set.h">
         <Option target="MBsysC_utilities"/>
      </Unit>
      <Unit filename="/home/louis/Documents/Robotics/MICRO_MobileRobots/m454_project/mbsysCopy/mbs_common/mbs_utilities/mbs_tool.c">
         <Option target="MBsysC_utilities"/>
      </Unit>
      <Unit filename="/home/louis/Documents/Robotics/MICRO_MobileRobots/m454_project/mbsysCopy/mbs_common/mbs_utilities/mbs_tool.h">
         <Option target="MBsysC_utilities"/>
      </Unit>
      <Unit filename="/home/louis/Documents/Robotics/MICRO_MobileRobots/m454_project/mbsysCopy/mbs_common/mbs_utilities/norm.c">
         <Option target="MBsysC_utilities"/>
      </Unit>
      <Unit filename="/home/louis/Documents/Robotics/MICRO_MobileRobots/m454_project/mbsysCopy/mbs_common/mbs_utilities/useful_functions.c">
         <Option target="MBsysC_utilities"/>
      </Unit>
      <Unit filename="/home/louis/Documents/Robotics/MICRO_MobileRobots/m454_project/mbsysCopy/mbs_common/mbs_utilities/useful_functions.h">
         <Option target="MBsysC_utilities"/>
      </Unit>
      <Unit filename="/home/louis/Documents/Robotics/MICRO_MobileRobots/m454_project/mbsysCopy/mbs_common/mbs_utilities/write_files.c">
         <Option target="MBsysC_utilities"/>
      </Unit>
      <Unit filename="/home/louis/Documents/Robotics/MICRO_MobileRobots/m454_project/mbsysCopy/mbs_common/mbs_utilities/write_files.h">
         <Option target="MBsysC_utilities"/>
      </Unit>
      <Unit filename="/home/louis/Documents/Robotics/MICRO_MobileRobots/m454_project/workR/CMakeLists.txt">
          <Option virtualFolder="CMake Files\" />
      </Unit>
      <Unit filename="/home/louis/Documents/Robotics/MICRO_MobileRobots/m454_project/workR/../mbsysCopy/mbs_common/CMakeLists.txt">
          <Option virtualFolder="CMake Files\..\mbsysCopy\mbs_common\" />
      </Unit>
      <Unit filename="/home/louis/Documents/Robotics/MICRO_MobileRobots/m454_project/workR/../mbsysCopy/mbs_common/LibRobotranCConfig.cmake.in">
          <Option virtualFolder="CMake Files\..\mbsysCopy\mbs_common\" />
      </Unit>
      <Unit filename="/home/louis/Documents/Robotics/MICRO_MobileRobots/m454_project/workR/../mbsysCopy/mbs_common/CMakeLists.txt">
          <Option virtualFolder="CMake Files\..\mbsysCopy\mbs_common\" />
      </Unit>
      <Unit filename="/home/louis/Documents/Robotics/MICRO_MobileRobots/m454_project/workR/../mbsysCopy/mbs_common/LibRobotranCConfig.cmake.in">
          <Option virtualFolder="CMake Files\..\mbsysCopy\mbs_common\" />
      </Unit>
      <Unit filename="/home/louis/Documents/Robotics/MICRO_MobileRobots/m454_project/workR/../mbsysCopy/mbs_common/mbs_numerics/CMakeLists.txt">
          <Option virtualFolder="CMake Files\..\mbsysCopy\mbs_common\mbs_numerics\" />
      </Unit>
      <Unit filename="/home/louis/Documents/Robotics/MICRO_MobileRobots/m454_project/workR/../mbsysCopy/mbs_common/mbs_numerics/CMakeLists.txt">
          <Option virtualFolder="CMake Files\..\mbsysCopy\mbs_common\mbs_numerics\" />
      </Unit>
      <Unit filename="/home/louis/Documents/Robotics/MICRO_MobileRobots/m454_project/workR/../mbsysCopy/mbs_common/mbs_numerics/CMakeLists.txt">
          <Option virtualFolder="CMake Files\..\mbsysCopy\mbs_common\mbs_numerics\" />
      </Unit>
      <Unit filename="/home/louis/Documents/Robotics/MICRO_MobileRobots/m454_project/workR/../mbsysCopy/mbs_common/mbs_struct/CMakeLists.txt">
          <Option virtualFolder="CMake Files\..\mbsysCopy\mbs_common\mbs_struct\" />
      </Unit>
      <Unit filename="/home/louis/Documents/Robotics/MICRO_MobileRobots/m454_project/workR/../mbsysCopy/mbs_common/mbs_struct/CMakeLists.txt">
          <Option virtualFolder="CMake Files\..\mbsysCopy\mbs_common\mbs_struct\" />
      </Unit>
      <Unit filename="/home/louis/Documents/Robotics/MICRO_MobileRobots/m454_project/workR/../mbsysCopy/mbs_common/mbs_struct/CMakeLists.txt">
          <Option virtualFolder="CMake Files\..\mbsysCopy\mbs_common\mbs_struct\" />
      </Unit>
      <Unit filename="/home/louis/Documents/Robotics/MICRO_MobileRobots/m454_project/workR/../mbsysCopy/mbs_common/mbs_utilities/CMakeLists.txt">
          <Option virtualFolder="CMake Files\..\mbsysCopy\mbs_common\mbs_utilities\" />
      </Unit>
      <Unit filename="/home/louis/Documents/Robotics/MICRO_MobileRobots/m454_project/workR/../mbsysCopy/mbs_common/mbs_utilities/CMakeLists.txt">
          <Option virtualFolder="CMake Files\..\mbsysCopy\mbs_common\mbs_utilities\" />
      </Unit>
      <Unit filename="/home/louis/Documents/Robotics/MICRO_MobileRobots/m454_project/workR/../mbsysCopy/mbs_common/mbs_utilities/CMakeLists.txt">
          <Option virtualFolder="CMake Files\..\mbsysCopy\mbs_common\mbs_utilities\" />
      </Unit>
      <Unit filename="/home/louis/Documents/Robotics/MICRO_MobileRobots/m454_project/workR/../mbsysCopy/mbs_common/mbs_load_xml/CMakeLists.txt">
          <Option virtualFolder="CMake Files\..\mbsysCopy\mbs_common\mbs_load_xml\" />
      </Unit>
      <Unit filename="/home/louis/Documents/Robotics/MICRO_MobileRobots/m454_project/workR/../mbsysCopy/mbs_common/mbs_load_xml/CMakeLists.txt">
          <Option virtualFolder="CMake Files\..\mbsysCopy\mbs_common\mbs_load_xml\" />
      </Unit>
      <Unit filename="/home/louis/Documents/Robotics/MICRO_MobileRobots/m454_project/workR/../mbsysCopy/mbs_common/mbs_load_xml/CMakeLists.txt">
          <Option virtualFolder="CMake Files\..\mbsysCopy\mbs_common\mbs_load_xml\" />
      </Unit>
      <Unit filename="/home/louis/Documents/Robotics/MICRO_MobileRobots/m454_project/workR/../mbsysCopy/mbs_common/mbs_realtime/CMakeLists.txt">
          <Option virtualFolder="CMake Files\..\mbsysCopy\mbs_common\mbs_realtime\" />
      </Unit>
      <Unit filename="/home/louis/Documents/Robotics/MICRO_MobileRobots/m454_project/workR/../mbsysCopy/mbs_common/mbs_realtime/CMakeLists.txt">
          <Option virtualFolder="CMake Files\..\mbsysCopy\mbs_common\mbs_realtime\" />
      </Unit>
      <Unit filename="/home/louis/Documents/Robotics/MICRO_MobileRobots/m454_project/workR/../mbsysCopy/mbs_common/mbs_realtime/CMakeLists.txt">
          <Option virtualFolder="CMake Files\..\mbsysCopy\mbs_common\mbs_realtime\" />
      </Unit>
      <Unit filename="/home/louis/Documents/Robotics/MICRO_MobileRobots/m454_project/workR/../mbsysCopy/mbs_common/mbs_realtime/sdl/conf/cmake_sdl_config.h.in">
          <Option virtualFolder="CMake Files\..\mbsysCopy\mbs_common\mbs_realtime\sdl\conf\" />
      </Unit>
      <Unit filename="/home/louis/Documents/Robotics/MICRO_MobileRobots/m454_project/workR/../mbsysCopy/mbs_common/mbs_realtime/sdl/conf/cmake_sdl_config.h.in">
          <Option virtualFolder="CMake Files\..\mbsysCopy\mbs_common\mbs_realtime\sdl\conf\" />
      </Unit>
      <Unit filename="/home/louis/Documents/Robotics/MICRO_MobileRobots/m454_project/workR/../mbsysCopy/mbs_common/mbs_realtime/sdl/conf/cmake_sdl_config.h.in">
          <Option virtualFolder="CMake Files\..\mbsysCopy\mbs_common\mbs_realtime\sdl\conf\" />
      </Unit>
      <Unit filename="/home/louis/Documents/Robotics/MICRO_MobileRobots/m454_project/workR/../mbsysCopy/mbs_common/mbs_realtime/java/conf/cmake_java_config.h.in">
          <Option virtualFolder="CMake Files\..\mbsysCopy\mbs_common\mbs_realtime\java\conf\" />
      </Unit>
      <Unit filename="/home/louis/Documents/Robotics/MICRO_MobileRobots/m454_project/workR/../mbsysCopy/mbs_common/mbs_realtime/java/conf/cmake_java_config.h.in">
          <Option virtualFolder="CMake Files\..\mbsysCopy\mbs_common\mbs_realtime\java\conf\" />
      </Unit>
      <Unit filename="/home/louis/Documents/Robotics/MICRO_MobileRobots/m454_project/workR/../mbsysCopy/mbs_common/mbs_realtime/java/conf/cmake_java_config.h.in">
          <Option virtualFolder="CMake Files\..\mbsysCopy\mbs_common\mbs_realtime\java\conf\" />
      </Unit>
      <Unit filename="/home/louis/Documents/Robotics/MICRO_MobileRobots/m454_project/workR/../mbsysCopy/mbs_common/mbs_module/CMakeLists.txt">
          <Option virtualFolder="CMake Files\..\mbsysCopy\mbs_common\mbs_module\" />
      </Unit>
      <Unit filename="/home/louis/Documents/Robotics/MICRO_MobileRobots/m454_project/workR/../mbsysCopy/mbs_common/mbs_module/CMakeLists.txt">
          <Option virtualFolder="CMake Files\..\mbsysCopy\mbs_common\mbs_module\" />
      </Unit>
      <Unit filename="/home/louis/Documents/Robotics/MICRO_MobileRobots/m454_project/workR/../mbsysCopy/mbs_common/mbs_module/CMakeLists.txt">
          <Option virtualFolder="CMake Files\..\mbsysCopy\mbs_common\mbs_module\" />
      </Unit>
      <Unit filename="/home/louis/Documents/Robotics/MICRO_MobileRobots/m454_project/workR/../mbsysCopy/cmake_aux/listing/CMakeLists.txt">
          <Option virtualFolder="CMake Files\..\mbsysCopy\cmake_aux\listing\" />
      </Unit>
      <Unit filename="/home/louis/Documents/Robotics/MICRO_MobileRobots/m454_project/workR/../mbsysCopy/cmake_aux/listing/CMakeLists.txt">
          <Option virtualFolder="CMake Files\..\mbsysCopy\cmake_aux\listing\" />
      </Unit>
      <Unit filename="/home/louis/Documents/Robotics/MICRO_MobileRobots/m454_project/workR/../mbsysCopy/cmake_aux/listing/CMakeLists.txt">
          <Option virtualFolder="CMake Files\..\mbsysCopy\cmake_aux\listing\" />
      </Unit>
      <Unit filename="/home/louis/Documents/Robotics/MICRO_MobileRobots/m454_project/workR/../mbsysCopy/cmake_aux/flags/CMakeLists.txt">
          <Option virtualFolder="CMake Files\..\mbsysCopy\cmake_aux\flags\" />
      </Unit>
      <Unit filename="/home/louis/Documents/Robotics/MICRO_MobileRobots/m454_project/workR/../mbsysCopy/cmake_aux/flags/CMakeLists.txt">
          <Option virtualFolder="CMake Files\..\mbsysCopy\cmake_aux\flags\" />
      </Unit>
      <Unit filename="/home/louis/Documents/Robotics/MICRO_MobileRobots/m454_project/workR/../mbsysCopy/cmake_aux/flags/CMakeLists.txt">
          <Option virtualFolder="CMake Files\..\mbsysCopy\cmake_aux\flags\" />
      </Unit>
      <Unit filename="/home/louis/Documents/Robotics/MICRO_MobileRobots/m454_project/workR/../mbsysCopy/cmake_aux/libraries/CMakeLists.txt">
          <Option virtualFolder="CMake Files\..\mbsysCopy\cmake_aux\libraries\" />
      </Unit>
      <Unit filename="/home/louis/Documents/Robotics/MICRO_MobileRobots/m454_project/workR/../mbsysCopy/cmake_aux/libraries/CMakeLists.txt">
          <Option virtualFolder="CMake Files\..\mbsysCopy\cmake_aux\libraries\" />
      </Unit>
      <Unit filename="/home/louis/Documents/Robotics/MICRO_MobileRobots/m454_project/workR/../mbsysCopy/cmake_aux/libraries/CMakeLists.txt">
          <Option virtualFolder="CMake Files\..\mbsysCopy\cmake_aux\libraries\" />
      </Unit>
      <Unit filename="/home/louis/Documents/Robotics/MICRO_MobileRobots/m454_project/workR/../mbsysCopy/cmake_aux/make_opt/CMakeLists.txt">
          <Option virtualFolder="CMake Files\..\mbsysCopy\cmake_aux\make_opt\" />
      </Unit>
      <Unit filename="/home/louis/Documents/Robotics/MICRO_MobileRobots/m454_project/workR/../mbsysCopy/conf/FindGSL.cmake">
          <Option virtualFolder="CMake Files\..\mbsysCopy\conf\" />
      </Unit>
      <Unit filename="/home/louis/Documents/Robotics/MICRO_MobileRobots/m454_project/workR/../mbsysCopy/conf/FindSDL2.cmake">
          <Option virtualFolder="CMake Files\..\mbsysCopy\conf\" />
      </Unit>
      <Unit filename="/home/louis/Documents/Robotics/MICRO_MobileRobots/m454_project/workR/../mbsysCopy/conf/FindSDL2_ttf.cmake">
          <Option virtualFolder="CMake Files\..\mbsysCopy\conf\" />
      </Unit>
      <Unit filename="/home/louis/Documents/Robotics/MICRO_MobileRobots/m454_project/workR/../mbsysCopy/conf/FindJNI.cmake">
          <Option virtualFolder="CMake Files\..\mbsysCopy\conf\" />
      </Unit>
      <Unit filename="/home/louis/Documents/Robotics/MICRO_MobileRobots/m454_project/workR/../mbsysCopy/conf/FindJ3D.cmake">
          <Option virtualFolder="CMake Files\..\mbsysCopy\conf\" />
      </Unit>
      <Unit filename="/home/louis/Documents/Robotics/MICRO_MobileRobots/m454_project/workR/../mbsysCopy/conf/FindGSL.cmake">
          <Option virtualFolder="CMake Files\..\mbsysCopy\conf\" />
      </Unit>
      <Unit filename="/home/louis/Documents/Robotics/MICRO_MobileRobots/m454_project/workR/../mbsysCopy/conf/FindGSL.cmake">
          <Option virtualFolder="CMake Files\..\mbsysCopy\conf\" />
      </Unit>
      <Unit filename="/home/louis/Documents/Robotics/MICRO_MobileRobots/m454_project/workR/../mbsysCopy/conf/FindGSL.cmake">
          <Option virtualFolder="CMake Files\..\mbsysCopy\conf\" />
      </Unit>
      <Unit filename="/home/louis/Documents/Robotics/MICRO_MobileRobots/m454_project/workR/../mbsysCopy/conf/FindSDL2.cmake">
          <Option virtualFolder="CMake Files\..\mbsysCopy\conf\" />
      </Unit>
      <Unit filename="/home/louis/Documents/Robotics/MICRO_MobileRobots/m454_project/workR/../mbsysCopy/conf/FindSDL2_ttf.cmake">
          <Option virtualFolder="CMake Files\..\mbsysCopy\conf\" />
      </Unit>
      <Unit filename="/home/louis/Documents/Robotics/MICRO_MobileRobots/m454_project/workR/../mbsysCopy/conf/FindJNI.cmake">
          <Option virtualFolder="CMake Files\..\mbsysCopy\conf\" />
      </Unit>
      <Unit filename="/home/louis/Documents/Robotics/MICRO_MobileRobots/m454_project/workR/../mbsysCopy/conf/FindJ3D.cmake">
          <Option virtualFolder="CMake Files\..\mbsysCopy\conf\" />
      </Unit>
      <Unit filename="/home/louis/Documents/Robotics/MICRO_MobileRobots/m454_project/workR/../mbsysCopy/conf/FindSDL2.cmake">
          <Option virtualFolder="CMake Files\..\mbsysCopy\conf\" />
      </Unit>
      <Unit filename="/home/louis/Documents/Robotics/MICRO_MobileRobots/m454_project/workR/../mbsysCopy/conf/cmake_config.h.in">
          <Option virtualFolder="CMake Files\..\mbsysCopy\conf\" />
      </Unit>
      <Unit filename="/home/louis/Documents/Robotics/MICRO_MobileRobots/m454_project/workR/../mbsysCopy/conf/FindSDL2.cmake">
          <Option virtualFolder="CMake Files\..\mbsysCopy\conf\" />
      </Unit>
      <Unit filename="/home/louis/Documents/Robotics/MICRO_MobileRobots/m454_project/workR/../mbsysCopy/conf/FindGSL.cmake">
          <Option virtualFolder="CMake Files\..\mbsysCopy\conf\" />
      </Unit>
      <Unit filename="/home/louis/Documents/Robotics/MICRO_MobileRobots/m454_project/workR/../mbsysCopy/conf/FindSDL2.cmake">
          <Option virtualFolder="CMake Files\..\mbsysCopy\conf\" />
      </Unit>
      <Unit filename="/home/louis/Documents/Robotics/MICRO_MobileRobots/m454_project/workR/../mbsysCopy/conf/FindSDL2_ttf.cmake">
          <Option virtualFolder="CMake Files\..\mbsysCopy\conf\" />
      </Unit>
      <Unit filename="/home/louis/Documents/Robotics/MICRO_MobileRobots/m454_project/workR/../mbsysCopy/conf/FindJNI.cmake">
          <Option virtualFolder="CMake Files\..\mbsysCopy\conf\" />
      </Unit>
      <Unit filename="/home/louis/Documents/Robotics/MICRO_MobileRobots/m454_project/workR/../mbsysCopy/conf/FindJ3D.cmake">
          <Option virtualFolder="CMake Files\..\mbsysCopy\conf\" />
      </Unit>
      <Unit filename="/home/louis/Documents/Robotics/MICRO_MobileRobots/m454_project/workR/../mbsysCopy/conf/FindGSL.cmake">
          <Option virtualFolder="CMake Files\..\mbsysCopy\conf\" />
      </Unit>
      <Unit filename="/home/louis/Documents/Robotics/MICRO_MobileRobots/m454_project/workR/../mbsysCopy/conf/FindSDL2.cmake">
          <Option virtualFolder="CMake Files\..\mbsysCopy\conf\" />
      </Unit>
      <Unit filename="/home/louis/Documents/Robotics/MICRO_MobileRobots/m454_project/workR/../symbolicR/CMakeLists.txt">
          <Option virtualFolder="CMake Files\..\symbolicR\" />
      </Unit>
      <Unit filename="/home/louis/Documents/Robotics/MICRO_MobileRobots/m454_project/workR/../symbolicR/CMakeLists.txt">
          <Option virtualFolder="CMake Files\..\symbolicR\" />
      </Unit>
      <Unit filename="/home/louis/Documents/Robotics/MICRO_MobileRobots/m454_project/workR/../userfctR/CMakeLists.txt">
          <Option virtualFolder="CMake Files\..\userfctR\" />
      </Unit>
      <Unit filename="/home/louis/Documents/Robotics/MICRO_MobileRobots/m454_project/workR/../userfctR/CMakeLists.txt">
          <Option virtualFolder="CMake Files\..\userfctR\" />
      </Unit>
   </Project>
</CodeBlocks_project_file>
