<?xml version="1.0" encoding="UTF-8" standalone="yes" ?>
<CodeBlocks_project_file>
   <FileVersion major="1" minor="6" />
   <Project>
      <Option title="MBsysC_realtime" />
      <Option makefile_is_custom="1" />
      <Option compiler="gcc" />
      <Option virtualFolders="CMake Files\;CMake Files\..\;CMake Files\..\mbsysCopy\;CMake Files\..\mbsysCopy\mbs_common\;CMake Files\..\mbsysCopy\mbs_common\mbs_numerics\;CMake Files\..\mbsysCopy\mbs_common\mbs_struct\;CMake Files\..\mbsysCopy\mbs_common\mbs_utilities\;CMake Files\..\mbsysCopy\mbs_common\mbs_load_xml\;CMake Files\..\mbsysCopy\mbs_common\mbs_realtime\;CMake Files\..\mbsysCopy\mbs_common\mbs_realtime\sdl\;CMake Files\..\mbsysCopy\mbs_common\mbs_realtime\sdl\conf\;CMake Files\..\mbsysCopy\mbs_common\mbs_realtime\java\;CMake Files\..\mbsysCopy\mbs_common\mbs_realtime\java\conf\;CMake Files\..\mbsysCopy\mbs_common\mbs_module\;CMake Files\..\mbsysCopy\cmake_aux\;CMake Files\..\mbsysCopy\cmake_aux\listing\;CMake Files\..\mbsysCopy\cmake_aux\flags\;CMake Files\..\mbsysCopy\cmake_aux\libraries\;CMake Files\..\mbsysCopy\cmake_aux\make_opt\;CMake Files\..\mbsysCopy\conf\;CMake Files\..\symbolicR\;CMake Files\..\userfctR\;" />
      <Build>
      <Target title="all">
         <Option working_dir="/home/louis/Documents/Robotics/MICRO_MobileRobots/m454_project/workR-build/mbs_common/mbs_realtime" />
         <Option type="4" />
         <MakeCommands>
            <Build command="/usr/bin/make -f &quot;/home/louis/Documents/Robotics/MICRO_MobileRobots/m454_project/workR-build/mbs_common/mbs_realtime/Makefile&quot;  VERBOSE=1 all" />
            <CompileFile command="/usr/bin/make -f &quot;/home/louis/Documents/Robotics/MICRO_MobileRobots/m454_project/workR-build/mbs_common/mbs_realtime/Makefile&quot;  VERBOSE=1 &quot;$file&quot;" />
            <Clean command="/usr/bin/make -f &quot;/home/louis/Documents/Robotics/MICRO_MobileRobots/m454_project/workR-build/mbs_common/mbs_realtime/Makefile&quot;  VERBOSE=1 clean" />
            <DistClean command="/usr/bin/make -f &quot;/home/louis/Documents/Robotics/MICRO_MobileRobots/m454_project/workR-build/mbs_common/mbs_realtime/Makefile&quot;  VERBOSE=1 clean" />
         </MakeCommands>
      </Target>
      <Target title="MBsysC_realtime">
         <Option output="/home/louis/Documents/Robotics/MICRO_MobileRobots/m454_project/workR-build/mbs_common/mbs_realtime/libMBsysC_realtime.a" prefix_auto="0" extension_auto="0" />
         <Option working_dir="/home/louis/Documents/Robotics/MICRO_MobileRobots/m454_project/workR-build/mbs_common/mbs_realtime" />
         <Option object_output="./" />
         <Option type="2" />
         <Option compiler="gcc" />
         <Compiler>
            <Add option="-DUNIX" />
            <Add option="-DDIRDYNARED" />
            <Add option="-DREAL_TIME" />
            <Add option="-DSDL" />
            <Add option="-DJAVA" />
            <Add option="-DPROJECT_USERFCT_STATIC_DEFINE" />
            <Add option="-DPROJECT_UTILITIES_STATIC_DEFINE" />
            <Add directory="/home/louis/Documents/Robotics/MICRO_MobileRobots/m454_project/mbsysCopy/mbs_common/mbs_realtime/." />
            <Add directory="/home/louis/Documents/Robotics/MICRO_MobileRobots/m454_project/mbsysCopy/mbs_common/mbs_realtime/../mbs_struct" />
            <Add directory="/home/louis/Documents/Robotics/MICRO_MobileRobots/m454_project/mbsysCopy/mbs_common/mbs_realtime/../mbs_utilities" />
            <Add directory="/home/louis/Documents/Robotics/MICRO_MobileRobots/m454_project/mbsysCopy/mbs_common/mbs_realtime/./java" />
            <Add directory="/home/louis/Documents/Robotics/MICRO_MobileRobots/m454_project/mbsysCopy/mbs_common/mbs_realtime/./realtime" />
            <Add directory="/home/louis/Documents/Robotics/MICRO_MobileRobots/m454_project/mbsysCopy/mbs_common/mbs_realtime/./sdl" />
            <Add directory="/home/louis/Documents/Robotics/MICRO_MobileRobots/m454_project/mbsysCopy/mbs_common/mbs_realtime/./sdl/auto_plot" />
            <Add directory="/home/louis/Documents/Robotics/MICRO_MobileRobots/m454_project/workR-build/mbs_common/mbs_realtime" />
            <Add directory="/home/louis/Documents/Robotics/MICRO_MobileRobots/m454_project/workR-build/mbs_common/mbs_realtime/conf" />
            <Add directory="/usr/include" />
            <Add directory="/usr/include/SDL2" />
            <Add directory="/usr/include/c++/5" />
            <Add directory="/usr/include/c++/5/backward" />
            <Add directory="/usr/include/x86_64-linux-gnu" />
            <Add directory="/usr/include/x86_64-linux-gnu/c++/5" />
            <Add directory="/usr/lib/gcc/x86_64-linux-gnu/5/include" />
            <Add directory="/usr/lib/gcc/x86_64-linux-gnu/5/include-fixed" />
            <Add directory="/usr/lib/jvm/java-8-openjdk-amd64/include" />
            <Add directory="/usr/lib/jvm/java-8-openjdk-amd64/include/linux" />
            <Add directory="/usr/local/include" />
         </Compiler>
         <MakeCommands>
            <Build command="/usr/bin/make -f &quot;/home/louis/Documents/Robotics/MICRO_MobileRobots/m454_project/workR-build/mbs_common/mbs_realtime/Makefile&quot;  VERBOSE=1 MBsysC_realtime" />
            <CompileFile command="/usr/bin/make -f &quot;/home/louis/Documents/Robotics/MICRO_MobileRobots/m454_project/workR-build/mbs_common/mbs_realtime/Makefile&quot;  VERBOSE=1 &quot;$file&quot;" />
            <Clean command="/usr/bin/make -f &quot;/home/louis/Documents/Robotics/MICRO_MobileRobots/m454_project/workR-build/mbs_common/mbs_realtime/Makefile&quot;  VERBOSE=1 clean" />
            <DistClean command="/usr/bin/make -f &quot;/home/louis/Documents/Robotics/MICRO_MobileRobots/m454_project/workR-build/mbs_common/mbs_realtime/Makefile&quot;  VERBOSE=1 clean" />
         </MakeCommands>
      </Target>
      <Target title="MBsysC_realtime/fast">
         <Option output="/home/louis/Documents/Robotics/MICRO_MobileRobots/m454_project/workR-build/mbs_common/mbs_realtime/libMBsysC_realtime.a" prefix_auto="0" extension_auto="0" />
         <Option working_dir="/home/louis/Documents/Robotics/MICRO_MobileRobots/m454_project/workR-build/mbs_common/mbs_realtime" />
         <Option object_output="./" />
         <Option type="2" />
         <Option compiler="gcc" />
         <Compiler>
            <Add option="-DUNIX" />
            <Add option="-DDIRDYNARED" />
            <Add option="-DREAL_TIME" />
            <Add option="-DSDL" />
            <Add option="-DJAVA" />
            <Add option="-DPROJECT_USERFCT_STATIC_DEFINE" />
            <Add option="-DPROJECT_UTILITIES_STATIC_DEFINE" />
            <Add directory="/home/louis/Documents/Robotics/MICRO_MobileRobots/m454_project/mbsysCopy/mbs_common/mbs_realtime/." />
            <Add directory="/home/louis/Documents/Robotics/MICRO_MobileRobots/m454_project/mbsysCopy/mbs_common/mbs_realtime/../mbs_struct" />
            <Add directory="/home/louis/Documents/Robotics/MICRO_MobileRobots/m454_project/mbsysCopy/mbs_common/mbs_realtime/../mbs_utilities" />
            <Add directory="/home/louis/Documents/Robotics/MICRO_MobileRobots/m454_project/mbsysCopy/mbs_common/mbs_realtime/./java" />
            <Add directory="/home/louis/Documents/Robotics/MICRO_MobileRobots/m454_project/mbsysCopy/mbs_common/mbs_realtime/./realtime" />
            <Add directory="/home/louis/Documents/Robotics/MICRO_MobileRobots/m454_project/mbsysCopy/mbs_common/mbs_realtime/./sdl" />
            <Add directory="/home/louis/Documents/Robotics/MICRO_MobileRobots/m454_project/mbsysCopy/mbs_common/mbs_realtime/./sdl/auto_plot" />
            <Add directory="/home/louis/Documents/Robotics/MICRO_MobileRobots/m454_project/workR-build/mbs_common/mbs_realtime" />
            <Add directory="/home/louis/Documents/Robotics/MICRO_MobileRobots/m454_project/workR-build/mbs_common/mbs_realtime/conf" />
            <Add directory="/usr/include" />
            <Add directory="/usr/include/SDL2" />
            <Add directory="/usr/include/c++/5" />
            <Add directory="/usr/include/c++/5/backward" />
            <Add directory="/usr/include/x86_64-linux-gnu" />
            <Add directory="/usr/include/x86_64-linux-gnu/c++/5" />
            <Add directory="/usr/lib/gcc/x86_64-linux-gnu/5/include" />
            <Add directory="/usr/lib/gcc/x86_64-linux-gnu/5/include-fixed" />
            <Add directory="/usr/lib/jvm/java-8-openjdk-amd64/include" />
            <Add directory="/usr/lib/jvm/java-8-openjdk-amd64/include/linux" />
            <Add directory="/usr/local/include" />
         </Compiler>
         <MakeCommands>
            <Build command="/usr/bin/make -f &quot;/home/louis/Documents/Robotics/MICRO_MobileRobots/m454_project/workR-build/mbs_common/mbs_realtime/Makefile&quot;  VERBOSE=1 MBsysC_realtime/fast" />
            <CompileFile command="/usr/bin/make -f &quot;/home/louis/Documents/Robotics/MICRO_MobileRobots/m454_project/workR-build/mbs_common/mbs_realtime/Makefile&quot;  VERBOSE=1 &quot;$file&quot;" />
            <Clean command="/usr/bin/make -f &quot;/home/louis/Documents/Robotics/MICRO_MobileRobots/m454_project/workR-build/mbs_common/mbs_realtime/Makefile&quot;  VERBOSE=1 clean" />
            <DistClean command="/usr/bin/make -f &quot;/home/louis/Documents/Robotics/MICRO_MobileRobots/m454_project/workR-build/mbs_common/mbs_realtime/Makefile&quot;  VERBOSE=1 clean" />
         </MakeCommands>
      </Target>
      </Build>
      <Unit filename="/home/louis/Documents/Robotics/MICRO_MobileRobots/m454_project/mbsysCopy/mbs_common/mbs_realtime/java/java_functions.c">
         <Option target="MBsysC_realtime"/>
      </Unit>
      <Unit filename="/home/louis/Documents/Robotics/MICRO_MobileRobots/m454_project/mbsysCopy/mbs_common/mbs_realtime/java/java_functions.h">
         <Option target="MBsysC_realtime"/>
      </Unit>
      <Unit filename="/home/louis/Documents/Robotics/MICRO_MobileRobots/m454_project/mbsysCopy/mbs_common/mbs_realtime/java/visu_past.c">
         <Option target="MBsysC_realtime"/>
      </Unit>
      <Unit filename="/home/louis/Documents/Robotics/MICRO_MobileRobots/m454_project/mbsysCopy/mbs_common/mbs_realtime/java/visu_past.h">
         <Option target="MBsysC_realtime"/>
      </Unit>
      <Unit filename="/home/louis/Documents/Robotics/MICRO_MobileRobots/m454_project/mbsysCopy/mbs_common/mbs_realtime/realtime/realtime.c">
         <Option target="MBsysC_realtime"/>
      </Unit>
      <Unit filename="/home/louis/Documents/Robotics/MICRO_MobileRobots/m454_project/mbsysCopy/mbs_common/mbs_realtime/realtime/realtime.h">
         <Option target="MBsysC_realtime"/>
      </Unit>
      <Unit filename="/home/louis/Documents/Robotics/MICRO_MobileRobots/m454_project/mbsysCopy/mbs_common/mbs_realtime/realtime/realtime_ext.c">
         <Option target="MBsysC_realtime"/>
      </Unit>
      <Unit filename="/home/louis/Documents/Robotics/MICRO_MobileRobots/m454_project/mbsysCopy/mbs_common/mbs_realtime/realtime/realtime_ext.h">
         <Option target="MBsysC_realtime"/>
      </Unit>
      <Unit filename="/home/louis/Documents/Robotics/MICRO_MobileRobots/m454_project/mbsysCopy/mbs_common/mbs_realtime/realtime/realtime_functions.c">
         <Option target="MBsysC_realtime"/>
      </Unit>
      <Unit filename="/home/louis/Documents/Robotics/MICRO_MobileRobots/m454_project/mbsysCopy/mbs_common/mbs_realtime/realtime/realtime_functions.h">
         <Option target="MBsysC_realtime"/>
      </Unit>
      <Unit filename="/home/louis/Documents/Robotics/MICRO_MobileRobots/m454_project/mbsysCopy/mbs_common/mbs_realtime/realtime/time_functions.c">
         <Option target="MBsysC_realtime"/>
      </Unit>
      <Unit filename="/home/louis/Documents/Robotics/MICRO_MobileRobots/m454_project/mbsysCopy/mbs_common/mbs_realtime/realtime/time_functions.h">
         <Option target="MBsysC_realtime"/>
      </Unit>
      <Unit filename="/home/louis/Documents/Robotics/MICRO_MobileRobots/m454_project/mbsysCopy/mbs_common/mbs_realtime/sdl/auto_plot/auto_plot.c">
         <Option target="MBsysC_realtime"/>
      </Unit>
      <Unit filename="/home/louis/Documents/Robotics/MICRO_MobileRobots/m454_project/mbsysCopy/mbs_common/mbs_realtime/sdl/auto_plot/auto_plot.h">
         <Option target="MBsysC_realtime"/>
      </Unit>
      <Unit filename="/home/louis/Documents/Robotics/MICRO_MobileRobots/m454_project/mbsysCopy/mbs_common/mbs_realtime/sdl/auto_plot/set_plot.c">
         <Option target="MBsysC_realtime"/>
      </Unit>
      <Unit filename="/home/louis/Documents/Robotics/MICRO_MobileRobots/m454_project/mbsysCopy/mbs_common/mbs_realtime/sdl/auto_plot/set_plot.h">
         <Option target="MBsysC_realtime"/>
      </Unit>
      <Unit filename="/home/louis/Documents/Robotics/MICRO_MobileRobots/m454_project/mbsysCopy/mbs_common/mbs_realtime/sdl/events_sdl.c">
         <Option target="MBsysC_realtime"/>
      </Unit>
      <Unit filename="/home/louis/Documents/Robotics/MICRO_MobileRobots/m454_project/mbsysCopy/mbs_common/mbs_realtime/sdl/events_sdl.h">
         <Option target="MBsysC_realtime"/>
      </Unit>
      <Unit filename="/home/louis/Documents/Robotics/MICRO_MobileRobots/m454_project/mbsysCopy/mbs_common/mbs_realtime/sdl/plot_sdl.c">
         <Option target="MBsysC_realtime"/>
      </Unit>
      <Unit filename="/home/louis/Documents/Robotics/MICRO_MobileRobots/m454_project/mbsysCopy/mbs_common/mbs_realtime/sdl/plot_sdl.h">
         <Option target="MBsysC_realtime"/>
      </Unit>
      <Unit filename="/home/louis/Documents/Robotics/MICRO_MobileRobots/m454_project/mbsysCopy/mbs_common/mbs_realtime/void/void_set_plot.c">
         <Option target="MBsysC_realtime"/>
      </Unit>
      <Unit filename="/home/louis/Documents/Robotics/MICRO_MobileRobots/m454_project/workR/CMakeLists.txt">
          <Option virtualFolder="CMake Files\" />
      </Unit>
      <Unit filename="/home/louis/Documents/Robotics/MICRO_MobileRobots/m454_project/workR/../mbsysCopy/mbs_common/CMakeLists.txt">
          <Option virtualFolder="CMake Files\..\mbsysCopy\mbs_common\" />
      </Unit>
      <Unit filename="/home/louis/Documents/Robotics/MICRO_MobileRobots/m454_project/workR/../mbsysCopy/mbs_common/LibRobotranCConfig.cmake.in">
          <Option virtualFolder="CMake Files\..\mbsysCopy\mbs_common\" />
      </Unit>
      <Unit filename="/home/louis/Documents/Robotics/MICRO_MobileRobots/m454_project/workR/../mbsysCopy/mbs_common/CMakeLists.txt">
          <Option virtualFolder="CMake Files\..\mbsysCopy\mbs_common\" />
      </Unit>
      <Unit filename="/home/louis/Documents/Robotics/MICRO_MobileRobots/m454_project/workR/../mbsysCopy/mbs_common/LibRobotranCConfig.cmake.in">
          <Option virtualFolder="CMake Files\..\mbsysCopy\mbs_common\" />
      </Unit>
      <Unit filename="/home/louis/Documents/Robotics/MICRO_MobileRobots/m454_project/workR/../mbsysCopy/mbs_common/mbs_numerics/CMakeLists.txt">
          <Option virtualFolder="CMake Files\..\mbsysCopy\mbs_common\mbs_numerics\" />
      </Unit>
      <Unit filename="/home/louis/Documents/Robotics/MICRO_MobileRobots/m454_project/workR/../mbsysCopy/mbs_common/mbs_numerics/CMakeLists.txt">
          <Option virtualFolder="CMake Files\..\mbsysCopy\mbs_common\mbs_numerics\" />
      </Unit>
      <Unit filename="/home/louis/Documents/Robotics/MICRO_MobileRobots/m454_project/workR/../mbsysCopy/mbs_common/mbs_numerics/CMakeLists.txt">
          <Option virtualFolder="CMake Files\..\mbsysCopy\mbs_common\mbs_numerics\" />
      </Unit>
      <Unit filename="/home/louis/Documents/Robotics/MICRO_MobileRobots/m454_project/workR/../mbsysCopy/mbs_common/mbs_struct/CMakeLists.txt">
          <Option virtualFolder="CMake Files\..\mbsysCopy\mbs_common\mbs_struct\" />
      </Unit>
      <Unit filename="/home/louis/Documents/Robotics/MICRO_MobileRobots/m454_project/workR/../mbsysCopy/mbs_common/mbs_struct/CMakeLists.txt">
          <Option virtualFolder="CMake Files\..\mbsysCopy\mbs_common\mbs_struct\" />
      </Unit>
      <Unit filename="/home/louis/Documents/Robotics/MICRO_MobileRobots/m454_project/workR/../mbsysCopy/mbs_common/mbs_struct/CMakeLists.txt">
          <Option virtualFolder="CMake Files\..\mbsysCopy\mbs_common\mbs_struct\" />
      </Unit>
      <Unit filename="/home/louis/Documents/Robotics/MICRO_MobileRobots/m454_project/workR/../mbsysCopy/mbs_common/mbs_utilities/CMakeLists.txt">
          <Option virtualFolder="CMake Files\..\mbsysCopy\mbs_common\mbs_utilities\" />
      </Unit>
      <Unit filename="/home/louis/Documents/Robotics/MICRO_MobileRobots/m454_project/workR/../mbsysCopy/mbs_common/mbs_utilities/CMakeLists.txt">
          <Option virtualFolder="CMake Files\..\mbsysCopy\mbs_common\mbs_utilities\" />
      </Unit>
      <Unit filename="/home/louis/Documents/Robotics/MICRO_MobileRobots/m454_project/workR/../mbsysCopy/mbs_common/mbs_utilities/CMakeLists.txt">
          <Option virtualFolder="CMake Files\..\mbsysCopy\mbs_common\mbs_utilities\" />
      </Unit>
      <Unit filename="/home/louis/Documents/Robotics/MICRO_MobileRobots/m454_project/workR/../mbsysCopy/mbs_common/mbs_load_xml/CMakeLists.txt">
          <Option virtualFolder="CMake Files\..\mbsysCopy\mbs_common\mbs_load_xml\" />
      </Unit>
      <Unit filename="/home/louis/Documents/Robotics/MICRO_MobileRobots/m454_project/workR/../mbsysCopy/mbs_common/mbs_load_xml/CMakeLists.txt">
          <Option virtualFolder="CMake Files\..\mbsysCopy\mbs_common\mbs_load_xml\" />
      </Unit>
      <Unit filename="/home/louis/Documents/Robotics/MICRO_MobileRobots/m454_project/workR/../mbsysCopy/mbs_common/mbs_load_xml/CMakeLists.txt">
          <Option virtualFolder="CMake Files\..\mbsysCopy\mbs_common\mbs_load_xml\" />
      </Unit>
      <Unit filename="/home/louis/Documents/Robotics/MICRO_MobileRobots/m454_project/workR/../mbsysCopy/mbs_common/mbs_realtime/CMakeLists.txt">
          <Option virtualFolder="CMake Files\..\mbsysCopy\mbs_common\mbs_realtime\" />
      </Unit>
      <Unit filename="/home/louis/Documents/Robotics/MICRO_MobileRobots/m454_project/workR/../mbsysCopy/mbs_common/mbs_realtime/CMakeLists.txt">
          <Option virtualFolder="CMake Files\..\mbsysCopy\mbs_common\mbs_realtime\" />
      </Unit>
      <Unit filename="/home/louis/Documents/Robotics/MICRO_MobileRobots/m454_project/workR/../mbsysCopy/mbs_common/mbs_realtime/CMakeLists.txt">
          <Option virtualFolder="CMake Files\..\mbsysCopy\mbs_common\mbs_realtime\" />
      </Unit>
      <Unit filename="/home/louis/Documents/Robotics/MICRO_MobileRobots/m454_project/workR/../mbsysCopy/mbs_common/mbs_realtime/sdl/conf/cmake_sdl_config.h.in">
          <Option virtualFolder="CMake Files\..\mbsysCopy\mbs_common\mbs_realtime\sdl\conf\" />
      </Unit>
      <Unit filename="/home/louis/Documents/Robotics/MICRO_MobileRobots/m454_project/workR/../mbsysCopy/mbs_common/mbs_realtime/sdl/conf/cmake_sdl_config.h.in">
          <Option virtualFolder="CMake Files\..\mbsysCopy\mbs_common\mbs_realtime\sdl\conf\" />
      </Unit>
      <Unit filename="/home/louis/Documents/Robotics/MICRO_MobileRobots/m454_project/workR/../mbsysCopy/mbs_common/mbs_realtime/sdl/conf/cmake_sdl_config.h.in">
          <Option virtualFolder="CMake Files\..\mbsysCopy\mbs_common\mbs_realtime\sdl\conf\" />
      </Unit>
      <Unit filename="/home/louis/Documents/Robotics/MICRO_MobileRobots/m454_project/workR/../mbsysCopy/mbs_common/mbs_realtime/java/conf/cmake_java_config.h.in">
          <Option virtualFolder="CMake Files\..\mbsysCopy\mbs_common\mbs_realtime\java\conf\" />
      </Unit>
      <Unit filename="/home/louis/Documents/Robotics/MICRO_MobileRobots/m454_project/workR/../mbsysCopy/mbs_common/mbs_realtime/java/conf/cmake_java_config.h.in">
          <Option virtualFolder="CMake Files\..\mbsysCopy\mbs_common\mbs_realtime\java\conf\" />
      </Unit>
      <Unit filename="/home/louis/Documents/Robotics/MICRO_MobileRobots/m454_project/workR/../mbsysCopy/mbs_common/mbs_realtime/java/conf/cmake_java_config.h.in">
          <Option virtualFolder="CMake Files\..\mbsysCopy\mbs_common\mbs_realtime\java\conf\" />
      </Unit>
      <Unit filename="/home/louis/Documents/Robotics/MICRO_MobileRobots/m454_project/workR/../mbsysCopy/mbs_common/mbs_module/CMakeLists.txt">
          <Option virtualFolder="CMake Files\..\mbsysCopy\mbs_common\mbs_module\" />
      </Unit>
      <Unit filename="/home/louis/Documents/Robotics/MICRO_MobileRobots/m454_project/workR/../mbsysCopy/mbs_common/mbs_module/CMakeLists.txt">
          <Option virtualFolder="CMake Files\..\mbsysCopy\mbs_common\mbs_module\" />
      </Unit>
      <Unit filename="/home/louis/Documents/Robotics/MICRO_MobileRobots/m454_project/workR/../mbsysCopy/mbs_common/mbs_module/CMakeLists.txt">
          <Option virtualFolder="CMake Files\..\mbsysCopy\mbs_common\mbs_module\" />
      </Unit>
      <Unit filename="/home/louis/Documents/Robotics/MICRO_MobileRobots/m454_project/workR/../mbsysCopy/cmake_aux/listing/CMakeLists.txt">
          <Option virtualFolder="CMake Files\..\mbsysCopy\cmake_aux\listing\" />
      </Unit>
      <Unit filename="/home/louis/Documents/Robotics/MICRO_MobileRobots/m454_project/workR/../mbsysCopy/cmake_aux/listing/CMakeLists.txt">
          <Option virtualFolder="CMake Files\..\mbsysCopy\cmake_aux\listing\" />
      </Unit>
      <Unit filename="/home/louis/Documents/Robotics/MICRO_MobileRobots/m454_project/workR/../mbsysCopy/cmake_aux/listing/CMakeLists.txt">
          <Option virtualFolder="CMake Files\..\mbsysCopy\cmake_aux\listing\" />
      </Unit>
      <Unit filename="/home/louis/Documents/Robotics/MICRO_MobileRobots/m454_project/workR/../mbsysCopy/cmake_aux/flags/CMakeLists.txt">
          <Option virtualFolder="CMake Files\..\mbsysCopy\cmake_aux\flags\" />
      </Unit>
      <Unit filename="/home/louis/Documents/Robotics/MICRO_MobileRobots/m454_project/workR/../mbsysCopy/cmake_aux/flags/CMakeLists.txt">
          <Option virtualFolder="CMake Files\..\mbsysCopy\cmake_aux\flags\" />
      </Unit>
      <Unit filename="/home/louis/Documents/Robotics/MICRO_MobileRobots/m454_project/workR/../mbsysCopy/cmake_aux/flags/CMakeLists.txt">
          <Option virtualFolder="CMake Files\..\mbsysCopy\cmake_aux\flags\" />
      </Unit>
      <Unit filename="/home/louis/Documents/Robotics/MICRO_MobileRobots/m454_project/workR/../mbsysCopy/cmake_aux/libraries/CMakeLists.txt">
          <Option virtualFolder="CMake Files\..\mbsysCopy\cmake_aux\libraries\" />
      </Unit>
      <Unit filename="/home/louis/Documents/Robotics/MICRO_MobileRobots/m454_project/workR/../mbsysCopy/cmake_aux/libraries/CMakeLists.txt">
          <Option virtualFolder="CMake Files\..\mbsysCopy\cmake_aux\libraries\" />
      </Unit>
      <Unit filename="/home/louis/Documents/Robotics/MICRO_MobileRobots/m454_project/workR/../mbsysCopy/cmake_aux/libraries/CMakeLists.txt">
          <Option virtualFolder="CMake Files\..\mbsysCopy\cmake_aux\libraries\" />
      </Unit>
      <Unit filename="/home/louis/Documents/Robotics/MICRO_MobileRobots/m454_project/workR/../mbsysCopy/cmake_aux/make_opt/CMakeLists.txt">
          <Option virtualFolder="CMake Files\..\mbsysCopy\cmake_aux\make_opt\" />
      </Unit>
      <Unit filename="/home/louis/Documents/Robotics/MICRO_MobileRobots/m454_project/workR/../mbsysCopy/conf/FindGSL.cmake">
          <Option virtualFolder="CMake Files\..\mbsysCopy\conf\" />
      </Unit>
      <Unit filename="/home/louis/Documents/Robotics/MICRO_MobileRobots/m454_project/workR/../mbsysCopy/conf/FindSDL2.cmake">
          <Option virtualFolder="CMake Files\..\mbsysCopy\conf\" />
      </Unit>
      <Unit filename="/home/louis/Documents/Robotics/MICRO_MobileRobots/m454_project/workR/../mbsysCopy/conf/FindSDL2_ttf.cmake">
          <Option virtualFolder="CMake Files\..\mbsysCopy\conf\" />
      </Unit>
      <Unit filename="/home/louis/Documents/Robotics/MICRO_MobileRobots/m454_project/workR/../mbsysCopy/conf/FindJNI.cmake">
          <Option virtualFolder="CMake Files\..\mbsysCopy\conf\" />
      </Unit>
      <Unit filename="/home/louis/Documents/Robotics/MICRO_MobileRobots/m454_project/workR/../mbsysCopy/conf/FindJ3D.cmake">
          <Option virtualFolder="CMake Files\..\mbsysCopy\conf\" />
      </Unit>
      <Unit filename="/home/louis/Documents/Robotics/MICRO_MobileRobots/m454_project/workR/../mbsysCopy/conf/FindGSL.cmake">
          <Option virtualFolder="CMake Files\..\mbsysCopy\conf\" />
      </Unit>
      <Unit filename="/home/louis/Documents/Robotics/MICRO_MobileRobots/m454_project/workR/../mbsysCopy/conf/FindGSL.cmake">
          <Option virtualFolder="CMake Files\..\mbsysCopy\conf\" />
      </Unit>
      <Unit filename="/home/louis/Documents/Robotics/MICRO_MobileRobots/m454_project/workR/../mbsysCopy/conf/FindGSL.cmake">
          <Option virtualFolder="CMake Files\..\mbsysCopy\conf\" />
      </Unit>
      <Unit filename="/home/louis/Documents/Robotics/MICRO_MobileRobots/m454_project/workR/../mbsysCopy/conf/FindSDL2.cmake">
          <Option virtualFolder="CMake Files\..\mbsysCopy\conf\" />
      </Unit>
      <Unit filename="/home/louis/Documents/Robotics/MICRO_MobileRobots/m454_project/workR/../mbsysCopy/conf/FindSDL2_ttf.cmake">
          <Option virtualFolder="CMake Files\..\mbsysCopy\conf\" />
      </Unit>
      <Unit filename="/home/louis/Documents/Robotics/MICRO_MobileRobots/m454_project/workR/../mbsysCopy/conf/FindJNI.cmake">
          <Option virtualFolder="CMake Files\..\mbsysCopy\conf\" />
      </Unit>
      <Unit filename="/home/louis/Documents/Robotics/MICRO_MobileRobots/m454_project/workR/../mbsysCopy/conf/FindJ3D.cmake">
          <Option virtualFolder="CMake Files\..\mbsysCopy\conf\" />
      </Unit>
      <Unit filename="/home/louis/Documents/Robotics/MICRO_MobileRobots/m454_project/workR/../mbsysCopy/conf/FindSDL2.cmake">
          <Option virtualFolder="CMake Files\..\mbsysCopy\conf\" />
      </Unit>
      <Unit filename="/home/louis/Documents/Robotics/MICRO_MobileRobots/m454_project/workR/../mbsysCopy/conf/cmake_config.h.in">
          <Option virtualFolder="CMake Files\..\mbsysCopy\conf\" />
      </Unit>
      <Unit filename="/home/louis/Documents/Robotics/MICRO_MobileRobots/m454_project/workR/../mbsysCopy/conf/FindSDL2.cmake">
          <Option virtualFolder="CMake Files\..\mbsysCopy\conf\" />
      </Unit>
      <Unit filename="/home/louis/Documents/Robotics/MICRO_MobileRobots/m454_project/workR/../mbsysCopy/conf/FindGSL.cmake">
          <Option virtualFolder="CMake Files\..\mbsysCopy\conf\" />
      </Unit>
      <Unit filename="/home/louis/Documents/Robotics/MICRO_MobileRobots/m454_project/workR/../mbsysCopy/conf/FindSDL2.cmake">
          <Option virtualFolder="CMake Files\..\mbsysCopy\conf\" />
      </Unit>
      <Unit filename="/home/louis/Documents/Robotics/MICRO_MobileRobots/m454_project/workR/../mbsysCopy/conf/FindSDL2_ttf.cmake">
          <Option virtualFolder="CMake Files\..\mbsysCopy\conf\" />
      </Unit>
      <Unit filename="/home/louis/Documents/Robotics/MICRO_MobileRobots/m454_project/workR/../mbsysCopy/conf/FindJNI.cmake">
          <Option virtualFolder="CMake Files\..\mbsysCopy\conf\" />
      </Unit>
      <Unit filename="/home/louis/Documents/Robotics/MICRO_MobileRobots/m454_project/workR/../mbsysCopy/conf/FindJ3D.cmake">
          <Option virtualFolder="CMake Files\..\mbsysCopy\conf\" />
      </Unit>
      <Unit filename="/home/louis/Documents/Robotics/MICRO_MobileRobots/m454_project/workR/../mbsysCopy/conf/FindGSL.cmake">
          <Option virtualFolder="CMake Files\..\mbsysCopy\conf\" />
      </Unit>
      <Unit filename="/home/louis/Documents/Robotics/MICRO_MobileRobots/m454_project/workR/../mbsysCopy/conf/FindSDL2.cmake">
          <Option virtualFolder="CMake Files\..\mbsysCopy\conf\" />
      </Unit>
      <Unit filename="/home/louis/Documents/Robotics/MICRO_MobileRobots/m454_project/workR/../symbolicR/CMakeLists.txt">
          <Option virtualFolder="CMake Files\..\symbolicR\" />
      </Unit>
      <Unit filename="/home/louis/Documents/Robotics/MICRO_MobileRobots/m454_project/workR/../symbolicR/CMakeLists.txt">
          <Option virtualFolder="CMake Files\..\symbolicR\" />
      </Unit>
      <Unit filename="/home/louis/Documents/Robotics/MICRO_MobileRobots/m454_project/workR/../userfctR/CMakeLists.txt">
          <Option virtualFolder="CMake Files\..\userfctR\" />
      </Unit>
      <Unit filename="/home/louis/Documents/Robotics/MICRO_MobileRobots/m454_project/workR/../userfctR/CMakeLists.txt">
          <Option virtualFolder="CMake Files\..\userfctR\" />
      </Unit>
   </Project>
</CodeBlocks_project_file>
